// !$*UTF8*$!
{
	archiveVersion = 1;
	classes = {
	};
	objectVersion = 77;
	objects = {

/* Begin PBXBuildFile section */
		00CD835EDEE79AB3B7AC1C5F /* SqueezeButton.swift in Sources */ = {isa = PBXBuildFile; fileRef = F0803EDC67C88DDF7BE27D24 /* SqueezeButton.swift */; };
		030B9CCFE0FC2DF9D8658AEE /* StoryQAFlowView.swift in Sources */ = {isa = PBXBuildFile; fileRef = 9E107D6DA83C430CFEF52035 /* StoryQAFlowView.swift */; };
		04CDC731F3DA65131A77F524 /* Diffusers in Resources */ = {isa = PBXBuildFile; fileRef = 35DDA3DE9C36423C950A720F /* Diffusers */; };
		056FD32CF37730AE9209872F /* MLXStoryGenerator.swift in Sources */ = {isa = PBXBuildFile; fileRef = A989A272CF8EF85C157AF9DC /* MLXStoryGenerator.swift */; };
		078378D3EF4D6EC90D4DAF59 /* CloudProviderSettingsSection.swift in Sources */ = {isa = PBXBuildFile; fileRef = 51707F43C237ED155D6917F9 /* CloudProviderSettingsSection.swift */; };
		089BEF9E0D75291AA321B29A /* ErrorBanner.swift in Sources */ = {isa = PBXBuildFile; fileRef = 16623E686C409CA3DA0F58F0 /* ErrorBanner.swift */; };
		08C2FD6B07DBC60A20A5F202 /* StoryQAModels.swift in Sources */ = {isa = PBXBuildFile; fileRef = BC7B4A619552F5482DBC9798 /* StoryQAModels.swift */; };
		091B8C09F4663B031DEE57B2 /* StoryQAFlowView.swift in Sources */ = {isa = PBXBuildFile; fileRef = 9E107D6DA83C430CFEF52035 /* StoryQAFlowView.swift */; };
		0DBDCCC3D8A3D302792FD4F1 /* StoredStorybook.swift in Sources */ = {isa = PBXBuildFile; fileRef = B5A07AFF2F430B55881DE6FA /* StoredStorybook.swift */; };
		0FF18F597C75A7F43D5B8C36 /* StoryBook.swift in Sources */ = {isa = PBXBuildFile; fileRef = 4DAB37454973A6ECE96CBCFE /* StoryBook.swift */; };
		103B50409CCDCE857A27F1B5 /* StoryGenerator.swift in Sources */ = {isa = PBXBuildFile; fileRef = 53925B150A03573922FF932C /* StoryGenerator.swift */; };
		10A0AB28C9070F79A6CD0563 /* StoryProviderAvailability.swift in Sources */ = {isa = PBXBuildFile; fileRef = C1C068E48ED58448228E8147 /* StoryProviderAvailability.swift */; };
		1294AF9172AE0778E0F4A391 /* IOSBookReaderView.swift in Sources */ = {isa = PBXBuildFile; fileRef = 816CF0B2E08A0A6950E99928 /* IOSBookReaderView.swift */; };
		12AB36648611A65383BEB843 /* StoryPromptTemplates.swift in Sources */ = {isa = PBXBuildFile; fileRef = 707801FD87C99A308B631CA5 /* StoryPromptTemplates.swift */; };
		1559FA210F8A8A75D2281207 /* ShortcutStoryRequest.swift in Sources */ = {isa = PBXBuildFile; fileRef = D7D042474E0F78738D3CB66A /* ShortcutStoryRequest.swift */; };
		15B0C8CB25BFF17320E873B3 /* HFTokenStore.swift in Sources */ = {isa = PBXBuildFile; fileRef = 26AA29BB0E78593155FCF80B /* HFTokenStore.swift */; };
		168B43DE61227306575EEE54 /* DiffusersRuntimeManager.swift in Sources */ = {isa = PBXBuildFile; fileRef = 66FD2320BC4EE909309C2334 /* DiffusersRuntimeManager.swift */; };
		1829347746148D308A6650E8 /* IllustrationStyle.swift in Sources */ = {isa = PBXBuildFile; fileRef = 9240773284210BE09D460EF2 /* IllustrationStyle.swift */; };
		19272B5F5894876CEFC5A3E4 /* IOSCreationView.swift in Sources */ = {isa = PBXBuildFile; fileRef = 837E482D607833CD9819ECB0 /* IOSCreationView.swift */; };
		22D7C6F0F2A226207B0BB872 /* ModelSelectionStore.swift in Sources */ = {isa = PBXBuildFile; fileRef = 1C4D331CB76D685A99168FED /* ModelSelectionStore.swift */; };
		25EF5B5068E8BBEE0B49F5AC /* CreationViewModel.swift in Sources */ = {isa = PBXBuildFile; fileRef = 421AE84EC5FD7E61E3D24419 /* CreationViewModel.swift */; };
		2656379D969FC3A0C600400E /* StoryEPUBRenderer.swift in Sources */ = {isa = PBXBuildFile; fileRef = 8C74B5B02C2B8B6386FD8770 /* StoryEPUBRenderer.swift */; };
		28A391F50D03B221F53255A0 /* View+StoryJuicerGlass.swift in Sources */ = {isa = PBXBuildFile; fileRef = 6CD8111F1323A2B66CC7EE4C /* View+StoryJuicerGlass.swift */; };
		2A535CB2F890B06B09440D75 /* SettingsPanelStyle.swift in Sources */ = {isa = PBXBuildFile; fileRef = 94DDDC800E10F3D73BF26FAC /* SettingsPanelStyle.swift */; };
		2BAC1BC0E649A40BAB98CE98 /* IOSModelSettingsView.swift in Sources */ = {isa = PBXBuildFile; fileRef = 5700BE98B253E23B2CAAC3B5 /* IOSModelSettingsView.swift */; };
		2F3A4BF2AE92A8E0E8DAA164 /* StoryQAViewModel.swift in Sources */ = {isa = PBXBuildFile; fileRef = 150DA078AD5CD1BC2526CD28 /* StoryQAViewModel.swift */; };
		306F4D03BC6C04477ACFBD43 /* DiffusersRuntimeManager.swift in Sources */ = {isa = PBXBuildFile; fileRef = 66FD2320BC4EE909309C2334 /* DiffusersRuntimeManager.swift */; };
		30D21F5AE7A14F54A31440E1 /* Hub in Frameworks */ = {isa = PBXBuildFile; productRef = 61D53278CD0E4D1D6B869AB0 /* Hub */; };
		33E96632DF957ADBC000ABF1 /* DiffusersImageGenerator.swift in Sources */ = {isa = PBXBuildFile; fileRef = 6FDE02A5663FF9332DF16774 /* DiffusersImageGenerator.swift */; };
		3407CA77122526DDE8B89B8C /* StoryJuicerGlassTokens.swift in Sources */ = {isa = PBXBuildFile; fileRef = A9C5397FB4C868DFF2016FD4 /* StoryJuicerGlassTokens.swift */; };
		34FD995DD106B0A7FEF89EAC /* StoryQAPromptTemplates.swift in Sources */ = {isa = PBXBuildFile; fileRef = 91F55723DF69E0C49B5AAFCC /* StoryQAPromptTemplates.swift */; };
		36DD6E28C823018FC9909196 /* HuggingFaceOAuth.swift in Sources */ = {isa = PBXBuildFile; fileRef = 845E9C7149836BB55336C941 /* HuggingFaceOAuth.swift */; };
		37433D9686B40BA3AE17BCCC /* ContentSafetyPolicy.swift in Sources */ = {isa = PBXBuildFile; fileRef = 302FC6BA8D9C6B31078AF2E5 /* ContentSafetyPolicy.swift */; };
		393454F69C50C7B30AF2B780 /* MLXLMCommon in Frameworks */ = {isa = PBXBuildFile; productRef = E395EF3BA3489D338C8399B7 /* MLXLMCommon */; };
		3AECF7D5F25DAB9968F2A2AC /* StoryEPUBRenderer.swift in Sources */ = {isa = PBXBuildFile; fileRef = 8C74B5B02C2B8B6386FD8770 /* StoryEPUBRenderer.swift */; };
		3B447B651D8BF15A946A0792 /* ErrorBanner.swift in Sources */ = {isa = PBXBuildFile; fileRef = 16623E686C409CA3DA0F58F0 /* ErrorBanner.swift */; };
		3EE9DE3B191B856ED4286DCE /* StoryFoxShortcuts.swift in Sources */ = {isa = PBXBuildFile; fileRef = CFBD50FB4E1A6901D6DF83EE /* StoryFoxShortcuts.swift */; };
		3F781A89F8B660A6F7B7367A /* StoryQAViewModel.swift in Sources */ = {isa = PBXBuildFile; fileRef = 150DA078AD5CD1BC2526CD28 /* StoryQAViewModel.swift */; };
		4176E2B27B0B4C66076C341A /* CreationViewModel.swift in Sources */ = {isa = PBXBuildFile; fileRef = 421AE84EC5FD7E61E3D24419 /* CreationViewModel.swift */; };
		44C73A0877020FE1D0CF0A6F /* ImagePlaygroundImageGenerator.swift in Sources */ = {isa = PBXBuildFile; fileRef = 193651E2CD6B873D3B416F98 /* ImagePlaygroundImageGenerator.swift */; };
		46266B74B850E9AD9E46E60B /* IOSGenerationProgressView.swift in Sources */ = {isa = PBXBuildFile; fileRef = B66D1AA8AD08BD66E65B426A /* IOSGenerationProgressView.swift */; };
		487AAA1C09EE78AB141E47BD /* StoryFoxApp.swift in Sources */ = {isa = PBXBuildFile; fileRef = 6BE3899313A66FE6B99C7F48 /* StoryFoxApp.swift */; };
		48DEFFE0627FDF4B481423C7 /* StoryPDFRenderer.swift in Sources */ = {isa = PBXBuildFile; fileRef = D968E428DCB03D6E685B300D /* StoryPDFRenderer.swift */; };
		48E11616E77B18ADF12ECAA1 /* IllustrationPromptRewrite.swift in Sources */ = {isa = PBXBuildFile; fileRef = 37BF3D7970973159E83B8BF8 /* IllustrationPromptRewrite.swift */; };
		497CF585CD6048D47F301167 /* OpenAICompatibleClient.swift in Sources */ = {isa = PBXBuildFile; fileRef = 3C2A0E5A140FC8AE89B47F5D /* OpenAICompatibleClient.swift */; };
		4F278300638D65865F318E06 /* StoryImageGenerating.swift in Sources */ = {isa = PBXBuildFile; fileRef = E4AC2D8DD138CAE566DE7C2A /* StoryImageGenerating.swift */; };
		530D119C746E37BF9E9F9161 /* PageOverviewGrid.swift in Sources */ = {isa = PBXBuildFile; fileRef = D64228589CE83CF12F9737CD /* PageOverviewGrid.swift */; };
		53B37C71A174F5BC0BA08ADF /* StylePickerItem.swift in Sources */ = {isa = PBXBuildFile; fileRef = FCBB9A5C9AA4F2EFDB4E4894 /* StylePickerItem.swift */; };
		5529D92A1C34E9D371C9C255 /* CloudProviderTypes.swift in Sources */ = {isa = PBXBuildFile; fileRef = 6DF1548BFB2E8BCDD2A5B217 /* CloudProviderTypes.swift */; };
		579A18033BF58ECFD5A129C8 /* MacCreationView.swift in Sources */ = {isa = PBXBuildFile; fileRef = EF5CA9A4C193548F64944800 /* MacCreationView.swift */; };
		5CFF3AE055318BED6F083BAD /* FormatPreviewCard.swift in Sources */ = {isa = PBXBuildFile; fileRef = 66648B664AC77481989CD3F5 /* FormatPreviewCard.swift */; };
		5E8A7BAFA325D6950DB59B60 /* Color+Theme.swift in Sources */ = {isa = PBXBuildFile; fileRef = 2EA7660D344DF49A6D4D33C0 /* Color+Theme.swift */; };
		5EDC5105FD329F124EBD172D /* CloudImageGenerator.swift in Sources */ = {isa = PBXBuildFile; fileRef = 417624B2B032CF3FA26F7ED5 /* CloudImageGenerator.swift */; };
		5F59EAAC23312209E332030A /* StoryDecoding.swift in Sources */ = {isa = PBXBuildFile; fileRef = 88B9FD6BD9B2178C49CEABD2 /* StoryDecoding.swift */; };
		60CD8B8ED7235F5DB09DD0C0 /* GenerationProviderTypes.swift in Sources */ = {isa = PBXBuildFile; fileRef = 8FC4ADB084A4C233F3CA3B1F /* GenerationProviderTypes.swift */; };
		62F55F0AD89D6069DAB16159 /* ZIPBuilder.swift in Sources */ = {isa = PBXBuildFile; fileRef = 4F54E3095631596FDD0378B7 /* ZIPBuilder.swift */; };
		67134607CB7774D0001B893F /* CloudProviderSettingsSection.swift in Sources */ = {isa = PBXBuildFile; fileRef = 51707F43C237ED155D6917F9 /* CloudProviderSettingsSection.swift */; };
		67A9829AF0C9246C87F6362F /* IllustrationGenerator.swift in Sources */ = {isa = PBXBuildFile; fileRef = 86CF76180F3DD78A2B946383 /* IllustrationGenerator.swift */; };
		68D1C0BC48BCDCEE1DFB986D /* StoryQAPromptTemplates.swift in Sources */ = {isa = PBXBuildFile; fileRef = 91F55723DF69E0C49B5AAFCC /* StoryQAPromptTemplates.swift */; };
		699D5E1DDA2D90F4FF887108 /* PageEditSheet.swift in Sources */ = {isa = PBXBuildFile; fileRef = 9DF195CFFEE2055F5EAE3712 /* PageEditSheet.swift */; };
		6B278792C41F29FD28DEE92A /* HuggingFaceOAuth.swift in Sources */ = {isa = PBXBuildFile; fileRef = 845E9C7149836BB55336C941 /* HuggingFaceOAuth.swift */; };
		6CB7DF03B5278F3C6561AC04 /* BookReaderViewModel.swift in Sources */ = {isa = PBXBuildFile; fileRef = 40348DD12A8429E9CBE2A24F /* BookReaderViewModel.swift */; };
		6CCC288469272CA7DF4BC912 /* MLXStoryGenerator.swift in Sources */ = {isa = PBXBuildFile; fileRef = A989A272CF8EF85C157AF9DC /* MLXStoryGenerator.swift */; };
		70A06D69A128054AFD3AADF4 /* SettingsPanelStyle.swift in Sources */ = {isa = PBXBuildFile; fileRef = 94DDDC800E10F3D73BF26FAC /* SettingsPanelStyle.swift */; };
		70E769DFFB161BFBCA3607DD /* ImagePlaygroundImageGenerator.swift in Sources */ = {isa = PBXBuildFile; fileRef = 193651E2CD6B873D3B416F98 /* ImagePlaygroundImageGenerator.swift */; };
		727B452A4B3D57DAB28CE815 /* MacBookReaderView.swift in Sources */ = {isa = PBXBuildFile; fileRef = 2578B7D4BBED86EC50BCC267 /* MacBookReaderView.swift */; };
		74D5CFC9EFE698DCC55C687B /* EPUBRendering.swift in Sources */ = {isa = PBXBuildFile; fileRef = 23B538248D7C245F002827E1 /* EPUBRendering.swift */; };
		76FB8B7E143A58B930CCF22A /* Hub in Frameworks */ = {isa = PBXBuildFile; productRef = 859E6C9DAF57886F2E18BF52 /* Hub */; };
		78FF5094025CD55D7A62C936 /* GenerationDiagnosticsLogger.swift in Sources */ = {isa = PBXBuildFile; fileRef = 6871BC285097882A21F0376F /* GenerationDiagnosticsLogger.swift */; };
		79A1D3796071DFF9F49D9E77 /* CloudProviderLoginButton.swift in Sources */ = {isa = PBXBuildFile; fileRef = E05B419486C78A41275EABDD /* CloudProviderLoginButton.swift */; };
		79DDB06BACA0AEBB5E09BBAC /* HuggingFace in Frameworks */ = {isa = PBXBuildFile; productRef = 6D68757B5212B780740ABD2C /* HuggingFace */; };
		7B42A62637B6C9A9265936AA /* UnavailableOverlay.swift in Sources */ = {isa = PBXBuildFile; fileRef = 375FB38423AC0B77E463B1F7 /* UnavailableOverlay.swift */; };
		7DA9BBAD0EE0F42D02EBEA26 /* CloudModelListCache.swift in Sources */ = {isa = PBXBuildFile; fileRef = 6A0AD07F8F1D91BD249B71BE /* CloudModelListCache.swift */; };
		7FB985E5224F04DE2F9AA7C5 /* OpenAICompatibleClient.swift in Sources */ = {isa = PBXBuildFile; fileRef = 3C2A0E5A140FC8AE89B47F5D /* OpenAICompatibleClient.swift */; };
		8513C1380DD98D66924BEC73 /* StoryImageGenerating.swift in Sources */ = {isa = PBXBuildFile; fileRef = E4AC2D8DD138CAE566DE7C2A /* StoryImageGenerating.swift */; };
		85FD8CF2D65B16E8F0BFFB40 /* View+StoryJuicerGlass.swift in Sources */ = {isa = PBXBuildFile; fileRef = 6CD8111F1323A2B66CC7EE4C /* View+StoryJuicerGlass.swift */; };
		88385477D8F39D70753F59A2 /* StoryJuicerTypography.swift in Sources */ = {isa = PBXBuildFile; fileRef = A5B4B87EE5BD03F3480E09D7 /* StoryJuicerTypography.swift */; };
		887EE59F5C99A18483089AB3 /* StoryDecoding.swift in Sources */ = {isa = PBXBuildFile; fileRef = 88B9FD6BD9B2178C49CEABD2 /* StoryDecoding.swift */; };
		897B081E6815C0B69350A816 /* CloudCredentialStore.swift in Sources */ = {isa = PBXBuildFile; fileRef = 9BD6E99A14D4BE249BE09EA3 /* CloudCredentialStore.swift */; };
		8A7E9F092D9B3223CEAFBE3E /* StoryGenerator.swift in Sources */ = {isa = PBXBuildFile; fileRef = 53925B150A03573922FF932C /* StoryGenerator.swift */; };
		91D941B1F77DA98E53CA72AA /* CloudModelListCache.swift in Sources */ = {isa = PBXBuildFile; fileRef = 6A0AD07F8F1D91BD249B71BE /* CloudModelListCache.swift */; };
		92E7459B07A5AAA94B47B521 /* GenerationProviderTypes.swift in Sources */ = {isa = PBXBuildFile; fileRef = 8FC4ADB084A4C233F3CA3B1F /* GenerationProviderTypes.swift */; };
		930EEE9EEF9F2ECB4E099A5C /* CloudTextGenerator.swift in Sources */ = {isa = PBXBuildFile; fileRef = 5755B3133929F71D3B363834 /* CloudTextGenerator.swift */; };
		993A1E38333733070DFF1E48 /* StoryProviderAvailability.swift in Sources */ = {isa = PBXBuildFile; fileRef = C1C068E48ED58448228E8147 /* StoryProviderAvailability.swift */; };
		99BEFFF3734205C8CFBB54B1 /* StoryJuicerMotion.swift in Sources */ = {isa = PBXBuildFile; fileRef = DDDC86776CF9946190CC7A70 /* StoryJuicerMotion.swift */; };
		9AF2D27E2BAD9822AAEE9941 /* MLX in Frameworks */ = {isa = PBXBuildFile; productRef = 30EE7D87D2471B5B447FEF71 /* MLX */; };
		9DD49455F9D984A6D43598F3 /* StoryBook.swift in Sources */ = {isa = PBXBuildFile; fileRef = 4DAB37454973A6ECE96CBCFE /* StoryBook.swift */; };
		9EE014C987A9F270DB9F63BD /* CloudCredentialStore.swift in Sources */ = {isa = PBXBuildFile; fileRef = 9BD6E99A14D4BE249BE09EA3 /* CloudCredentialStore.swift */; };
		9F8647225882F7E786BD756F /* HFTokenStore.swift in Sources */ = {isa = PBXBuildFile; fileRef = 26AA29BB0E78593155FCF80B /* HFTokenStore.swift */; };
		A0823C6A84A70FCE01893CE2 /* RemoteStoryGenerator.swift in Sources */ = {isa = PBXBuildFile; fileRef = 049E2F347E23FB900283D775 /* RemoteStoryGenerator.swift */; };
		A1C75E651DAB113AD3793C94 /* CloudImageGenerator.swift in Sources */ = {isa = PBXBuildFile; fileRef = 417624B2B032CF3FA26F7ED5 /* CloudImageGenerator.swift */; };
		A5909308F52C453E82EC362C /* MLXLMCommon in Frameworks */ = {isa = PBXBuildFile; productRef = CB56905C979221F2A76D2496 /* MLXLMCommon */; };
		A59DA0DDEA9F39E856E529D3 /* FormatPreviewCard.swift in Sources */ = {isa = PBXBuildFile; fileRef = 66648B664AC77481989CD3F5 /* FormatPreviewCard.swift */; };
		A629F10B2A1C0567367E7A94 /* StoryJuicerMotion.swift in Sources */ = {isa = PBXBuildFile; fileRef = DDDC86776CF9946190CC7A70 /* StoryJuicerMotion.swift */; };
		A65A5D62D333BD6433CA5EF9 /* CreationModeToggle.swift in Sources */ = {isa = PBXBuildFile; fileRef = 1011234725F5BB35047B275D /* CreationModeToggle.swift */; };
		A72EC91AA026A89DF266B4DE /* StoryQAModels.swift in Sources */ = {isa = PBXBuildFile; fileRef = BC7B4A619552F5482DBC9798 /* StoryQAModels.swift */; };
		A89491B98B947B0F37F66EDB /* BookFormat.swift in Sources */ = {isa = PBXBuildFile; fileRef = 4B02698C632B2364708E59D0 /* BookFormat.swift */; };
		AAABF311445D851A2320A9F5 /* GenerationOptions+Defaults.swift in Sources */ = {isa = PBXBuildFile; fileRef = 39563DA81B4BFA3A8A8CC766 /* GenerationOptions+Defaults.swift */; };
		AC171878158D34D4B0223612 /* MLX in Frameworks */ = {isa = PBXBuildFile; productRef = 4883FF59550B56DC958E2418 /* MLX */; };
		ACE2BBC71E94418619C966C7 /* StoryTextGenerating.swift in Sources */ = {isa = PBXBuildFile; fileRef = AB4D9E70DE710AF12C85F011 /* StoryTextGenerating.swift */; };
		AD09AF5C9F2C3591BD494AD8 /* ImageGenerationRouter.swift in Sources */ = {isa = PBXBuildFile; fileRef = 7A222920CF3E6EB3FB1E8B6E /* ImageGenerationRouter.swift */; };
		ADC1EEA47A4021D5037A74D0 /* DiffusersImageGenerator.swift in Sources */ = {isa = PBXBuildFile; fileRef = 6FDE02A5663FF9332DF16774 /* DiffusersImageGenerator.swift */; };
		ADDBF0E9C7A9976E6D697840 /* PDFRendering.swift in Sources */ = {isa = PBXBuildFile; fileRef = D034CD483BD2374E56774339 /* PDFRendering.swift */; };
		AFEEA9EEEB239A11A2D90AC6 /* ImageGenerationRouter.swift in Sources */ = {isa = PBXBuildFile; fileRef = 7A222920CF3E6EB3FB1E8B6E /* ImageGenerationRouter.swift */; };
		B0342676269F7DD19509B48A /* ContentSafetyPolicy.swift in Sources */ = {isa = PBXBuildFile; fileRef = 302FC6BA8D9C6B31078AF2E5 /* ContentSafetyPolicy.swift */; };
		B0A76C3CCC5FC2AE65B74026 /* ModelSelectionStore.swift in Sources */ = {isa = PBXBuildFile; fileRef = 1C4D331CB76D685A99168FED /* ModelSelectionStore.swift */; };
		B182EC2AE3F55D482834BEDE /* BookFormat.swift in Sources */ = {isa = PBXBuildFile; fileRef = 4B02698C632B2364708E59D0 /* BookFormat.swift */; };
		B527BF1A1500E0A84A246A6B /* MLXLLM in Frameworks */ = {isa = PBXBuildFile; productRef = 39C8DEB960B686BFCA548D8B /* MLXLLM */; };
		B867E673EEC5ABA3998DFE69 /* StoryPromptTemplates.swift in Sources */ = {isa = PBXBuildFile; fileRef = 707801FD87C99A308B631CA5 /* StoryPromptTemplates.swift */; };
		B916359B070BFF0CA294265F /* PDFRendering.swift in Sources */ = {isa = PBXBuildFile; fileRef = D034CD483BD2374E56774339 /* PDFRendering.swift */; };
		BA4174D2A52D5274FF0432E9 /* Assets.xcassets in Resources */ = {isa = PBXBuildFile; fileRef = 9FE6F8A339FDD0B84BD691E5 /* Assets.xcassets */; };
		BB096F637B4BD3146EB5EE85 /* StoredStorybook.swift in Sources */ = {isa = PBXBuildFile; fileRef = B5A07AFF2F430B55881DE6FA /* StoredStorybook.swift */; };
		BC33DAD6671C8242B1E13995 /* GenerationDiagnosticsLogger.swift in Sources */ = {isa = PBXBuildFile; fileRef = 6871BC285097882A21F0376F /* GenerationDiagnosticsLogger.swift */; };
		C1ACF8009112FE284A40A3E8 /* CreationModeToggle.swift in Sources */ = {isa = PBXBuildFile; fileRef = 1011234725F5BB35047B275D /* CreationModeToggle.swift */; };
		C3DB3430BF9E01ADFFCA285A /* BookReaderViewModel.swift in Sources */ = {isa = PBXBuildFile; fileRef = 40348DD12A8429E9CBE2A24F /* BookReaderViewModel.swift */; };
		C56E545B77EA9A9A07E02627 /* StoryJuicerTypography.swift in Sources */ = {isa = PBXBuildFile; fileRef = A5B4B87EE5BD03F3480E09D7 /* StoryJuicerTypography.swift */; };
		C6A9D3AB85C625CF91419931 /* PageOverviewGrid.swift in Sources */ = {isa = PBXBuildFile; fileRef = D64228589CE83CF12F9737CD /* PageOverviewGrid.swift */; };
		C7B7BECBFC8E23EE816CFECB /* IllustrationStyle.swift in Sources */ = {isa = PBXBuildFile; fileRef = 9240773284210BE09D460EF2 /* IllustrationStyle.swift */; };
		C8573EBE5DC0CE6704EED5EC /* MLXLLM in Frameworks */ = {isa = PBXBuildFile; productRef = 92E393C5A671299F06B9E5E6 /* MLXLLM */; };
		C85850FE074BC9D796FAC3D4 /* Assets.xcassets in Resources */ = {isa = PBXBuildFile; fileRef = 9FE6F8A339FDD0B84BD691E5 /* Assets.xcassets */; };
		C8A76176008C74A05AFC7859 /* Sparkle in Frameworks */ = {isa = PBXBuildFile; productRef = F2CFCC0C2197A231A9063A72 /* Sparkle */; };
		C964A12EF09F0D30E86F18C0 /* HuggingFace in Frameworks */ = {isa = PBXBuildFile; productRef = 75BC367ADA65D04BEFC1DD9C /* HuggingFace */; };
		C9991EAB741D5D5A6B3A36B2 /* StylePickerItem.swift in Sources */ = {isa = PBXBuildFile; fileRef = FCBB9A5C9AA4F2EFDB4E4894 /* StylePickerItem.swift */; };
		CD3934AD3802E864C1F77BEC /* GenerationOptions+Defaults.swift in Sources */ = {isa = PBXBuildFile; fileRef = 39563DA81B4BFA3A8A8CC766 /* GenerationOptions+Defaults.swift */; };
		CD49933D590AD60B415598EE /* UnavailableOverlay.swift in Sources */ = {isa = PBXBuildFile; fileRef = 375FB38423AC0B77E463B1F7 /* UnavailableOverlay.swift */; };
		D00855980BD91C695553C351 /* CloudProviderLoginButton.swift in Sources */ = {isa = PBXBuildFile; fileRef = E05B419486C78A41275EABDD /* CloudProviderLoginButton.swift */; };
		D293AAA325EA02EDFE8636A5 /* StoryFoxApp.swift in Sources */ = {isa = PBXBuildFile; fileRef = 6BE3899313A66FE6B99C7F48 /* StoryFoxApp.swift */; };
		D4AB9161A2297DF63309DD66 /* MacExportView.swift in Sources */ = {isa = PBXBuildFile; fileRef = 0E98D1255A69365BD5ECDD7D /* MacExportView.swift */; };
		D5C0844CBC273FDB32462D29 /* StoryTextGenerating.swift in Sources */ = {isa = PBXBuildFile; fileRef = AB4D9E70DE710AF12C85F011 /* StoryTextGenerating.swift */; };
		D65465D328CA2A926D9FA897 /* PlatformImage.swift in Sources */ = {isa = PBXBuildFile; fileRef = BEC609FC9A2B05469549394F /* PlatformImage.swift */; };
		D6A19B6BE398E3DB44E08948 /* Color+Theme.swift in Sources */ = {isa = PBXBuildFile; fileRef = 2EA7660D344DF49A6D4D33C0 /* Color+Theme.swift */; };
		D7D4D98EC11E002EEBAECFDF /* PageThumbnail.swift in Sources */ = {isa = PBXBuildFile; fileRef = 1CFFAC355E53D85F1171749F /* PageThumbnail.swift */; };
		D8B0C391AF213C150A98684C /* MacModelSettingsView.swift in Sources */ = {isa = PBXBuildFile; fileRef = 2B71AB9B22BECAA3F2D9E8EE /* MacModelSettingsView.swift */; };
		D915B8CCF44EC7C84D678892 /* StoryFoxShortcuts.swift in Sources */ = {isa = PBXBuildFile; fileRef = CFBD50FB4E1A6901D6DF83EE /* StoryFoxShortcuts.swift */; };
		D99BF5BA755F7DDFD9A2709D /* SqueezeButton.swift in Sources */ = {isa = PBXBuildFile; fileRef = F0803EDC67C88DDF7BE27D24 /* SqueezeButton.swift */; };
		DC6F62ECC372AFDE96B8F610 /* ShortcutStoryRequest.swift in Sources */ = {isa = PBXBuildFile; fileRef = D7D042474E0F78738D3CB66A /* ShortcutStoryRequest.swift */; };
		DDCFB0B59AD4EE0D0B03D4DB /* RemoteStoryGenerator.swift in Sources */ = {isa = PBXBuildFile; fileRef = 049E2F347E23FB900283D775 /* RemoteStoryGenerator.swift */; };
		DE7A5D4B848E0A95CE5DA05D /* MacGenerationProgressView.swift in Sources */ = {isa = PBXBuildFile; fileRef = 5DDB6356A28BDA1C0929920D /* MacGenerationProgressView.swift */; };
		DFF2672F539D2BADFC1E210F /* PlatformImage.swift in Sources */ = {isa = PBXBuildFile; fileRef = BEC609FC9A2B05469549394F /* PlatformImage.swift */; };
		E15C84767B5A74E6DAE78B38 /* IllustrationGenerator.swift in Sources */ = {isa = PBXBuildFile; fileRef = 86CF76180F3DD78A2B946383 /* IllustrationGenerator.swift */; };
		E538F19E295D678543D62025 /* IllustrationPromptRewrite.swift in Sources */ = {isa = PBXBuildFile; fileRef = 37BF3D7970973159E83B8BF8 /* IllustrationPromptRewrite.swift */; };
		ED0B304553A81731C7845467 /* PDFRenderer+macOS.swift in Sources */ = {isa = PBXBuildFile; fileRef = CA4F66E397C85DABACA34BD7 /* PDFRenderer+macOS.swift */; };
		EFAE6A6B91EE57BA1959D835 /* CloudTextGenerator.swift in Sources */ = {isa = PBXBuildFile; fileRef = 5755B3133929F71D3B363834 /* CloudTextGenerator.swift */; };
		F05A0E5EC507E017441C6815 /* EPUBRendering.swift in Sources */ = {isa = PBXBuildFile; fileRef = 23B538248D7C245F002827E1 /* EPUBRendering.swift */; };
		F1AF15770F50E0337A66DB6D /* StoryJuicerGlassTokens.swift in Sources */ = {isa = PBXBuildFile; fileRef = A9C5397FB4C868DFF2016FD4 /* StoryJuicerGlassTokens.swift */; };
		F2CBF58313F53CCC21324BF6 /* IOSExportView.swift in Sources */ = {isa = PBXBuildFile; fileRef = B5C8B484B662FA846071FD0D /* IOSExportView.swift */; };
		F309B2020FA4A5B9FF306BFC /* PageThumbnail.swift in Sources */ = {isa = PBXBuildFile; fileRef = 1CFFAC355E53D85F1171749F /* PageThumbnail.swift */; };
		F5D0D4CAC5B1F1B64E9A42D3 /* SoftwareUpdateManager.swift in Sources */ = {isa = PBXBuildFile; fileRef = 8C39EC3E8B5AED4711D5D3DF /* SoftwareUpdateManager.swift */; };
		FB78A2AABDEFAB1A34A5A6AD /* StoryPDFRenderer.swift in Sources */ = {isa = PBXBuildFile; fileRef = D968E428DCB03D6E685B300D /* StoryPDFRenderer.swift */; };
		FC48EA4C5DBC0E165B835D95 /* ZIPBuilder.swift in Sources */ = {isa = PBXBuildFile; fileRef = 4F54E3095631596FDD0378B7 /* ZIPBuilder.swift */; };
		FD6D93751F62175384A6AB58 /* CloudProviderTypes.swift in Sources */ = {isa = PBXBuildFile; fileRef = 6DF1548BFB2E8BCDD2A5B217 /* CloudProviderTypes.swift */; };
		FDE549A5D5FA215555B1C573 /* PageEditSheet.swift in Sources */ = {isa = PBXBuildFile; fileRef = 9DF195CFFEE2055F5EAE3712 /* PageEditSheet.swift */; };
/* End PBXBuildFile section */

/* Begin PBXFileReference section */
		049E2F347E23FB900283D775 /* RemoteStoryGenerator.swift */ = {isa = PBXFileReference; lastKnownFileType = sourcecode.swift; path = RemoteStoryGenerator.swift; sourceTree = "<group>"; };
		0E98D1255A69365BD5ECDD7D /* MacExportView.swift */ = {isa = PBXFileReference; lastKnownFileType = sourcecode.swift; path = MacExportView.swift; sourceTree = "<group>"; };
		1011234725F5BB35047B275D /* CreationModeToggle.swift */ = {isa = PBXFileReference; lastKnownFileType = sourcecode.swift; path = CreationModeToggle.swift; sourceTree = "<group>"; };
		150DA078AD5CD1BC2526CD28 /* StoryQAViewModel.swift */ = {isa = PBXFileReference; lastKnownFileType = sourcecode.swift; path = StoryQAViewModel.swift; sourceTree = "<group>"; };
		16623E686C409CA3DA0F58F0 /* ErrorBanner.swift */ = {isa = PBXFileReference; lastKnownFileType = sourcecode.swift; path = ErrorBanner.swift; sourceTree = "<group>"; };
		193651E2CD6B873D3B416F98 /* ImagePlaygroundImageGenerator.swift */ = {isa = PBXFileReference; lastKnownFileType = sourcecode.swift; path = ImagePlaygroundImageGenerator.swift; sourceTree = "<group>"; };
		1C4D331CB76D685A99168FED /* ModelSelectionStore.swift */ = {isa = PBXFileReference; lastKnownFileType = sourcecode.swift; path = ModelSelectionStore.swift; sourceTree = "<group>"; };
		1CFFAC355E53D85F1171749F /* PageThumbnail.swift */ = {isa = PBXFileReference; lastKnownFileType = sourcecode.swift; path = PageThumbnail.swift; sourceTree = "<group>"; };
		23B538248D7C245F002827E1 /* EPUBRendering.swift */ = {isa = PBXFileReference; lastKnownFileType = sourcecode.swift; path = EPUBRendering.swift; sourceTree = "<group>"; };
		2578B7D4BBED86EC50BCC267 /* MacBookReaderView.swift */ = {isa = PBXFileReference; lastKnownFileType = sourcecode.swift; path = MacBookReaderView.swift; sourceTree = "<group>"; };
		26AA29BB0E78593155FCF80B /* HFTokenStore.swift */ = {isa = PBXFileReference; lastKnownFileType = sourcecode.swift; path = HFTokenStore.swift; sourceTree = "<group>"; };
		2B71AB9B22BECAA3F2D9E8EE /* MacModelSettingsView.swift */ = {isa = PBXFileReference; lastKnownFileType = sourcecode.swift; path = MacModelSettingsView.swift; sourceTree = "<group>"; };
		2EA7660D344DF49A6D4D33C0 /* Color+Theme.swift */ = {isa = PBXFileReference; lastKnownFileType = sourcecode.swift; path = "Color+Theme.swift"; sourceTree = "<group>"; };
		302FC6BA8D9C6B31078AF2E5 /* ContentSafetyPolicy.swift */ = {isa = PBXFileReference; lastKnownFileType = sourcecode.swift; path = ContentSafetyPolicy.swift; sourceTree = "<group>"; };
		35DDA3DE9C36423C950A720F /* Diffusers */ = {isa = PBXFileReference; lastKnownFileType = folder; name = Diffusers; path = Resources/Diffusers; sourceTree = SOURCE_ROOT; };
		375FB38423AC0B77E463B1F7 /* UnavailableOverlay.swift */ = {isa = PBXFileReference; lastKnownFileType = sourcecode.swift; path = UnavailableOverlay.swift; sourceTree = "<group>"; };
		37BF3D7970973159E83B8BF8 /* IllustrationPromptRewrite.swift */ = {isa = PBXFileReference; lastKnownFileType = sourcecode.swift; path = IllustrationPromptRewrite.swift; sourceTree = "<group>"; };
		39563DA81B4BFA3A8A8CC766 /* GenerationOptions+Defaults.swift */ = {isa = PBXFileReference; lastKnownFileType = sourcecode.swift; path = "GenerationOptions+Defaults.swift"; sourceTree = "<group>"; };
		3C2A0E5A140FC8AE89B47F5D /* OpenAICompatibleClient.swift */ = {isa = PBXFileReference; lastKnownFileType = sourcecode.swift; path = OpenAICompatibleClient.swift; sourceTree = "<group>"; };
		40348DD12A8429E9CBE2A24F /* BookReaderViewModel.swift */ = {isa = PBXFileReference; lastKnownFileType = sourcecode.swift; path = BookReaderViewModel.swift; sourceTree = "<group>"; };
		417624B2B032CF3FA26F7ED5 /* CloudImageGenerator.swift */ = {isa = PBXFileReference; lastKnownFileType = sourcecode.swift; path = CloudImageGenerator.swift; sourceTree = "<group>"; };
		421AE84EC5FD7E61E3D24419 /* CreationViewModel.swift */ = {isa = PBXFileReference; lastKnownFileType = sourcecode.swift; path = CreationViewModel.swift; sourceTree = "<group>"; };
		4B02698C632B2364708E59D0 /* BookFormat.swift */ = {isa = PBXFileReference; lastKnownFileType = sourcecode.swift; path = BookFormat.swift; sourceTree = "<group>"; };
		4DAB37454973A6ECE96CBCFE /* StoryBook.swift */ = {isa = PBXFileReference; lastKnownFileType = sourcecode.swift; path = StoryBook.swift; sourceTree = "<group>"; };
		4F54E3095631596FDD0378B7 /* ZIPBuilder.swift */ = {isa = PBXFileReference; lastKnownFileType = sourcecode.swift; path = ZIPBuilder.swift; sourceTree = "<group>"; };
		51707F43C237ED155D6917F9 /* CloudProviderSettingsSection.swift */ = {isa = PBXFileReference; lastKnownFileType = sourcecode.swift; path = CloudProviderSettingsSection.swift; sourceTree = "<group>"; };
		53925B150A03573922FF932C /* StoryGenerator.swift */ = {isa = PBXFileReference; lastKnownFileType = sourcecode.swift; path = StoryGenerator.swift; sourceTree = "<group>"; };
		5700BE98B253E23B2CAAC3B5 /* IOSModelSettingsView.swift */ = {isa = PBXFileReference; lastKnownFileType = sourcecode.swift; path = IOSModelSettingsView.swift; sourceTree = "<group>"; };
		5755B3133929F71D3B363834 /* CloudTextGenerator.swift */ = {isa = PBXFileReference; lastKnownFileType = sourcecode.swift; path = CloudTextGenerator.swift; sourceTree = "<group>"; };
		5DDB6356A28BDA1C0929920D /* MacGenerationProgressView.swift */ = {isa = PBXFileReference; lastKnownFileType = sourcecode.swift; path = MacGenerationProgressView.swift; sourceTree = "<group>"; };
		66648B664AC77481989CD3F5 /* FormatPreviewCard.swift */ = {isa = PBXFileReference; lastKnownFileType = sourcecode.swift; path = FormatPreviewCard.swift; sourceTree = "<group>"; };
		66FD2320BC4EE909309C2334 /* DiffusersRuntimeManager.swift */ = {isa = PBXFileReference; lastKnownFileType = sourcecode.swift; path = DiffusersRuntimeManager.swift; sourceTree = "<group>"; };
		6871BC285097882A21F0376F /* GenerationDiagnosticsLogger.swift */ = {isa = PBXFileReference; lastKnownFileType = sourcecode.swift; path = GenerationDiagnosticsLogger.swift; sourceTree = "<group>"; };
		6A0AD07F8F1D91BD249B71BE /* CloudModelListCache.swift */ = {isa = PBXFileReference; lastKnownFileType = sourcecode.swift; path = CloudModelListCache.swift; sourceTree = "<group>"; };
		6BE3899313A66FE6B99C7F48 /* StoryFoxApp.swift */ = {isa = PBXFileReference; lastKnownFileType = sourcecode.swift; path = StoryFoxApp.swift; sourceTree = "<group>"; };
		6CD8111F1323A2B66CC7EE4C /* View+StoryJuicerGlass.swift */ = {isa = PBXFileReference; lastKnownFileType = sourcecode.swift; path = "View+StoryJuicerGlass.swift"; sourceTree = "<group>"; };
		6DF1548BFB2E8BCDD2A5B217 /* CloudProviderTypes.swift */ = {isa = PBXFileReference; lastKnownFileType = sourcecode.swift; path = CloudProviderTypes.swift; sourceTree = "<group>"; };
		6FDE02A5663FF9332DF16774 /* DiffusersImageGenerator.swift */ = {isa = PBXFileReference; lastKnownFileType = sourcecode.swift; path = DiffusersImageGenerator.swift; sourceTree = "<group>"; };
		707801FD87C99A308B631CA5 /* StoryPromptTemplates.swift */ = {isa = PBXFileReference; lastKnownFileType = sourcecode.swift; path = StoryPromptTemplates.swift; sourceTree = "<group>"; };
		7A222920CF3E6EB3FB1E8B6E /* ImageGenerationRouter.swift */ = {isa = PBXFileReference; lastKnownFileType = sourcecode.swift; path = ImageGenerationRouter.swift; sourceTree = "<group>"; };
		816CF0B2E08A0A6950E99928 /* IOSBookReaderView.swift */ = {isa = PBXFileReference; lastKnownFileType = sourcecode.swift; path = IOSBookReaderView.swift; sourceTree = "<group>"; };
		837E482D607833CD9819ECB0 /* IOSCreationView.swift */ = {isa = PBXFileReference; lastKnownFileType = sourcecode.swift; path = IOSCreationView.swift; sourceTree = "<group>"; };
		845E9C7149836BB55336C941 /* HuggingFaceOAuth.swift */ = {isa = PBXFileReference; lastKnownFileType = sourcecode.swift; path = HuggingFaceOAuth.swift; sourceTree = "<group>"; };
		86CF76180F3DD78A2B946383 /* IllustrationGenerator.swift */ = {isa = PBXFileReference; lastKnownFileType = sourcecode.swift; path = IllustrationGenerator.swift; sourceTree = "<group>"; };
		88B9FD6BD9B2178C49CEABD2 /* StoryDecoding.swift */ = {isa = PBXFileReference; lastKnownFileType = sourcecode.swift; path = StoryDecoding.swift; sourceTree = "<group>"; };
		8C39EC3E8B5AED4711D5D3DF /* SoftwareUpdateManager.swift */ = {isa = PBXFileReference; lastKnownFileType = sourcecode.swift; path = SoftwareUpdateManager.swift; sourceTree = "<group>"; };
		8C74B5B02C2B8B6386FD8770 /* StoryEPUBRenderer.swift */ = {isa = PBXFileReference; lastKnownFileType = sourcecode.swift; path = StoryEPUBRenderer.swift; sourceTree = "<group>"; };
		8FC4ADB084A4C233F3CA3B1F /* GenerationProviderTypes.swift */ = {isa = PBXFileReference; lastKnownFileType = sourcecode.swift; path = GenerationProviderTypes.swift; sourceTree = "<group>"; };
		91F55723DF69E0C49B5AAFCC /* StoryQAPromptTemplates.swift */ = {isa = PBXFileReference; lastKnownFileType = sourcecode.swift; path = StoryQAPromptTemplates.swift; sourceTree = "<group>"; };
		9240773284210BE09D460EF2 /* IllustrationStyle.swift */ = {isa = PBXFileReference; lastKnownFileType = sourcecode.swift; path = IllustrationStyle.swift; sourceTree = "<group>"; };
		94DDDC800E10F3D73BF26FAC /* SettingsPanelStyle.swift */ = {isa = PBXFileReference; lastKnownFileType = sourcecode.swift; path = SettingsPanelStyle.swift; sourceTree = "<group>"; };
		9BD6E99A14D4BE249BE09EA3 /* CloudCredentialStore.swift */ = {isa = PBXFileReference; lastKnownFileType = sourcecode.swift; path = CloudCredentialStore.swift; sourceTree = "<group>"; };
		9DF195CFFEE2055F5EAE3712 /* PageEditSheet.swift */ = {isa = PBXFileReference; lastKnownFileType = sourcecode.swift; path = PageEditSheet.swift; sourceTree = "<group>"; };
		9E107D6DA83C430CFEF52035 /* StoryQAFlowView.swift */ = {isa = PBXFileReference; lastKnownFileType = sourcecode.swift; path = StoryQAFlowView.swift; sourceTree = "<group>"; };
		9FE6F8A339FDD0B84BD691E5 /* Assets.xcassets */ = {isa = PBXFileReference; lastKnownFileType = folder.assetcatalog; path = Assets.xcassets; sourceTree = "<group>"; };
		A415AA2D994C12524BDE3F8F /* StoryFox-iOS.app */ = {isa = PBXFileReference; includeInIndex = 0; lastKnownFileType = wrapper.application; path = "StoryFox-iOS.app"; sourceTree = BUILT_PRODUCTS_DIR; };
		A5B4B87EE5BD03F3480E09D7 /* StoryJuicerTypography.swift */ = {isa = PBXFileReference; lastKnownFileType = sourcecode.swift; path = StoryJuicerTypography.swift; sourceTree = "<group>"; };
		A989A272CF8EF85C157AF9DC /* MLXStoryGenerator.swift */ = {isa = PBXFileReference; lastKnownFileType = sourcecode.swift; path = MLXStoryGenerator.swift; sourceTree = "<group>"; };
		A9C5397FB4C868DFF2016FD4 /* StoryJuicerGlassTokens.swift */ = {isa = PBXFileReference; lastKnownFileType = sourcecode.swift; path = StoryJuicerGlassTokens.swift; sourceTree = "<group>"; };
		AB4D9E70DE710AF12C85F011 /* StoryTextGenerating.swift */ = {isa = PBXFileReference; lastKnownFileType = sourcecode.swift; path = StoryTextGenerating.swift; sourceTree = "<group>"; };
		AFB879FD47BE594F3328938C /* StoryFox.app */ = {isa = PBXFileReference; explicitFileType = wrapper.application; includeInIndex = 0; path = StoryFox.app; sourceTree = BUILT_PRODUCTS_DIR; };
		B5A07AFF2F430B55881DE6FA /* StoredStorybook.swift */ = {isa = PBXFileReference; lastKnownFileType = sourcecode.swift; path = StoredStorybook.swift; sourceTree = "<group>"; };
		B5C8B484B662FA846071FD0D /* IOSExportView.swift */ = {isa = PBXFileReference; lastKnownFileType = sourcecode.swift; path = IOSExportView.swift; sourceTree = "<group>"; };
		B66D1AA8AD08BD66E65B426A /* IOSGenerationProgressView.swift */ = {isa = PBXFileReference; lastKnownFileType = sourcecode.swift; path = IOSGenerationProgressView.swift; sourceTree = "<group>"; };
		BC7B4A619552F5482DBC9798 /* StoryQAModels.swift */ = {isa = PBXFileReference; lastKnownFileType = sourcecode.swift; path = StoryQAModels.swift; sourceTree = "<group>"; };
		BEC609FC9A2B05469549394F /* PlatformImage.swift */ = {isa = PBXFileReference; lastKnownFileType = sourcecode.swift; path = PlatformImage.swift; sourceTree = "<group>"; };
		C1C068E48ED58448228E8147 /* StoryProviderAvailability.swift */ = {isa = PBXFileReference; lastKnownFileType = sourcecode.swift; path = StoryProviderAvailability.swift; sourceTree = "<group>"; };
		CA4F66E397C85DABACA34BD7 /* PDFRenderer+macOS.swift */ = {isa = PBXFileReference; lastKnownFileType = sourcecode.swift; path = "PDFRenderer+macOS.swift"; sourceTree = "<group>"; };
		CFBD50FB4E1A6901D6DF83EE /* StoryFoxShortcuts.swift */ = {isa = PBXFileReference; lastKnownFileType = sourcecode.swift; path = StoryFoxShortcuts.swift; sourceTree = "<group>"; };
		D034CD483BD2374E56774339 /* PDFRendering.swift */ = {isa = PBXFileReference; lastKnownFileType = sourcecode.swift; path = PDFRendering.swift; sourceTree = "<group>"; };
		D64228589CE83CF12F9737CD /* PageOverviewGrid.swift */ = {isa = PBXFileReference; lastKnownFileType = sourcecode.swift; path = PageOverviewGrid.swift; sourceTree = "<group>"; };
		D7D042474E0F78738D3CB66A /* ShortcutStoryRequest.swift */ = {isa = PBXFileReference; lastKnownFileType = sourcecode.swift; path = ShortcutStoryRequest.swift; sourceTree = "<group>"; };
		D968E428DCB03D6E685B300D /* StoryPDFRenderer.swift */ = {isa = PBXFileReference; lastKnownFileType = sourcecode.swift; path = StoryPDFRenderer.swift; sourceTree = "<group>"; };
		DDDC86776CF9946190CC7A70 /* StoryJuicerMotion.swift */ = {isa = PBXFileReference; lastKnownFileType = sourcecode.swift; path = StoryJuicerMotion.swift; sourceTree = "<group>"; };
		E05B419486C78A41275EABDD /* CloudProviderLoginButton.swift */ = {isa = PBXFileReference; lastKnownFileType = sourcecode.swift; path = CloudProviderLoginButton.swift; sourceTree = "<group>"; };
		E4AC2D8DD138CAE566DE7C2A /* StoryImageGenerating.swift */ = {isa = PBXFileReference; lastKnownFileType = sourcecode.swift; path = StoryImageGenerating.swift; sourceTree = "<group>"; };
		EF5CA9A4C193548F64944800 /* MacCreationView.swift */ = {isa = PBXFileReference; lastKnownFileType = sourcecode.swift; path = MacCreationView.swift; sourceTree = "<group>"; };
		F0803EDC67C88DDF7BE27D24 /* SqueezeButton.swift */ = {isa = PBXFileReference; lastKnownFileType = sourcecode.swift; path = SqueezeButton.swift; sourceTree = "<group>"; };
		FCBB9A5C9AA4F2EFDB4E4894 /* StylePickerItem.swift */ = {isa = PBXFileReference; lastKnownFileType = sourcecode.swift; path = StylePickerItem.swift; sourceTree = "<group>"; };
/* End PBXFileReference section */

/* Begin PBXFrameworksBuildPhase section */
		6DCE5178F837F07076EE44DE /* Frameworks */ = {
			isa = PBXFrameworksBuildPhase;
			buildActionMask = 2147483647;
			files = (
				9AF2D27E2BAD9822AAEE9941 /* MLX in Frameworks */,
				B527BF1A1500E0A84A246A6B /* MLXLLM in Frameworks */,
				A5909308F52C453E82EC362C /* MLXLMCommon in Frameworks */,
				76FB8B7E143A58B930CCF22A /* Hub in Frameworks */,
				79DDB06BACA0AEBB5E09BBAC /* HuggingFace in Frameworks */,
			);
			runOnlyForDeploymentPostprocessing = 0;
		};
		B4AA334A33445736CEFD8211 /* Frameworks */ = {
			isa = PBXFrameworksBuildPhase;
			buildActionMask = 2147483647;
			files = (
				AC171878158D34D4B0223612 /* MLX in Frameworks */,
				C8573EBE5DC0CE6704EED5EC /* MLXLLM in Frameworks */,
				393454F69C50C7B30AF2B780 /* MLXLMCommon in Frameworks */,
				30D21F5AE7A14F54A31440E1 /* Hub in Frameworks */,
				C964A12EF09F0D30E86F18C0 /* HuggingFace in Frameworks */,
				C8A76176008C74A05AFC7859 /* Sparkle in Frameworks */,
			);
			runOnlyForDeploymentPostprocessing = 0;
		};
/* End PBXFrameworksBuildPhase section */

/* Begin PBXGroup section */
		11C9B6A1B28F39C13E93CCAE /* Generation */ = {
			isa = PBXGroup;
			children = (
				417624B2B032CF3FA26F7ED5 /* CloudImageGenerator.swift */,
				6DF1548BFB2E8BCDD2A5B217 /* CloudProviderTypes.swift */,
				5755B3133929F71D3B363834 /* CloudTextGenerator.swift */,
				6FDE02A5663FF9332DF16774 /* DiffusersImageGenerator.swift */,
				23B538248D7C245F002827E1 /* EPUBRendering.swift */,
				8FC4ADB084A4C233F3CA3B1F /* GenerationProviderTypes.swift */,
				86CF76180F3DD78A2B946383 /* IllustrationGenerator.swift */,
				7A222920CF3E6EB3FB1E8B6E /* ImageGenerationRouter.swift */,
				193651E2CD6B873D3B416F98 /* ImagePlaygroundImageGenerator.swift */,
				A989A272CF8EF85C157AF9DC /* MLXStoryGenerator.swift */,
				3C2A0E5A140FC8AE89B47F5D /* OpenAICompatibleClient.swift */,
				D034CD483BD2374E56774339 /* PDFRendering.swift */,
				049E2F347E23FB900283D775 /* RemoteStoryGenerator.swift */,
				88B9FD6BD9B2178C49CEABD2 /* StoryDecoding.swift */,
				8C74B5B02C2B8B6386FD8770 /* StoryEPUBRenderer.swift */,
				53925B150A03573922FF932C /* StoryGenerator.swift */,
				E4AC2D8DD138CAE566DE7C2A /* StoryImageGenerating.swift */,
				D968E428DCB03D6E685B300D /* StoryPDFRenderer.swift */,
				707801FD87C99A308B631CA5 /* StoryPromptTemplates.swift */,
				C1C068E48ED58448228E8147 /* StoryProviderAvailability.swift */,
				91F55723DF69E0C49B5AAFCC /* StoryQAPromptTemplates.swift */,
				AB4D9E70DE710AF12C85F011 /* StoryTextGenerating.swift */,
				4F54E3095631596FDD0378B7 /* ZIPBuilder.swift */,
			);
			path = Generation;
			sourceTree = "<group>";
		};
		1F5C7312DA2D192A1B9F962D /* Models */ = {
			isa = PBXGroup;
			children = (
				4B02698C632B2364708E59D0 /* BookFormat.swift */,
				37BF3D7970973159E83B8BF8 /* IllustrationPromptRewrite.swift */,
				9240773284210BE09D460EF2 /* IllustrationStyle.swift */,
				B5A07AFF2F430B55881DE6FA /* StoredStorybook.swift */,
				4DAB37454973A6ECE96CBCFE /* StoryBook.swift */,
				BC7B4A619552F5482DBC9798 /* StoryQAModels.swift */,
			);
			path = Models;
			sourceTree = "<group>";
		};
		5BD2CFBE7D3E240BC780AC6E /* ViewModels */ = {
			isa = PBXGroup;
			children = (
				40348DD12A8429E9CBE2A24F /* BookReaderViewModel.swift */,
				421AE84EC5FD7E61E3D24419 /* CreationViewModel.swift */,
				150DA078AD5CD1BC2526CD28 /* StoryQAViewModel.swift */,
			);
			path = ViewModels;
			sourceTree = "<group>";
		};
		5D845799B85E79F75FFAD7D7 /* Utilities */ = {
			isa = PBXGroup;
			children = (
				9BD6E99A14D4BE249BE09EA3 /* CloudCredentialStore.swift */,
				6A0AD07F8F1D91BD249B71BE /* CloudModelListCache.swift */,
				302FC6BA8D9C6B31078AF2E5 /* ContentSafetyPolicy.swift */,
				66FD2320BC4EE909309C2334 /* DiffusersRuntimeManager.swift */,
				6871BC285097882A21F0376F /* GenerationDiagnosticsLogger.swift */,
				39563DA81B4BFA3A8A8CC766 /* GenerationOptions+Defaults.swift */,
				26AA29BB0E78593155FCF80B /* HFTokenStore.swift */,
				845E9C7149836BB55336C941 /* HuggingFaceOAuth.swift */,
				1C4D331CB76D685A99168FED /* ModelSelectionStore.swift */,
				BEC609FC9A2B05469549394F /* PlatformImage.swift */,
				D7D042474E0F78738D3CB66A /* ShortcutStoryRequest.swift */,
				CFBD50FB4E1A6901D6DF83EE /* StoryFoxShortcuts.swift */,
			);
			path = Utilities;
			sourceTree = "<group>";
		};
		61E22045BC504D6DDAE6191A /* macOS */ = {
			isa = PBXGroup;
			children = (
				CA4F66E397C85DABACA34BD7 /* PDFRenderer+macOS.swift */,
				8C39EC3E8B5AED4711D5D3DF /* SoftwareUpdateManager.swift */,
				692B7D66CF36216F221CE3C1 /* Views */,
			);
			path = macOS;
			sourceTree = "<group>";
		};
		692B7D66CF36216F221CE3C1 /* Views */ = {
			isa = PBXGroup;
			children = (
				2578B7D4BBED86EC50BCC267 /* MacBookReaderView.swift */,
				EF5CA9A4C193548F64944800 /* MacCreationView.swift */,
				0E98D1255A69365BD5ECDD7D /* MacExportView.swift */,
				5DDB6356A28BDA1C0929920D /* MacGenerationProgressView.swift */,
				2B71AB9B22BECAA3F2D9E8EE /* MacModelSettingsView.swift */,
			);
			path = Views;
			sourceTree = "<group>";
		};
		6B40FC107BE6ADAF842983F0 /* iOS */ = {
			isa = PBXGroup;
			children = (
				B051D2EDEAB2804A21546072 /* Views */,
			);
			path = iOS;
			sourceTree = "<group>";
		};
		93003597AC21F66D09D33179 /* Resources */ = {
			isa = PBXGroup;
			children = (
				9FE6F8A339FDD0B84BD691E5 /* Assets.xcassets */,
			);
			path = Resources;
			sourceTree = "<group>";
		};
		A2396EA5C4F7E8CA943F2868 /* Shared */ = {
			isa = PBXGroup;
			children = (
				11C9B6A1B28F39C13E93CCAE /* Generation */,
				1F5C7312DA2D192A1B9F962D /* Models */,
				5D845799B85E79F75FFAD7D7 /* Utilities */,
				5BD2CFBE7D3E240BC780AC6E /* ViewModels */,
				D74FECDBCB918240FAC29B11 /* Views */,
			);
			path = Shared;
			sourceTree = "<group>";
		};
		A4D8B87F51DDC1C04C297254 /* Products */ = {
			isa = PBXGroup;
			children = (
				A415AA2D994C12524BDE3F8F /* StoryFox-iOS.app */,
				AFB879FD47BE594F3328938C /* StoryFox.app */,
			);
			name = Products;
			sourceTree = "<group>";
		};
		B051D2EDEAB2804A21546072 /* Views */ = {
			isa = PBXGroup;
			children = (
				816CF0B2E08A0A6950E99928 /* IOSBookReaderView.swift */,
				837E482D607833CD9819ECB0 /* IOSCreationView.swift */,
				B5C8B484B662FA846071FD0D /* IOSExportView.swift */,
				B66D1AA8AD08BD66E65B426A /* IOSGenerationProgressView.swift */,
				5700BE98B253E23B2CAAC3B5 /* IOSModelSettingsView.swift */,
			);
			path = Views;
			sourceTree = "<group>";
		};
		B64BEAF25DB6E39B06DA62AB = {
			isa = PBXGroup;
			children = (
				35DDA3DE9C36423C950A720F /* Diffusers */,
				6BE3899313A66FE6B99C7F48 /* StoryFoxApp.swift */,
				6B40FC107BE6ADAF842983F0 /* iOS */,
				61E22045BC504D6DDAE6191A /* macOS */,
				93003597AC21F66D09D33179 /* Resources */,
				A2396EA5C4F7E8CA943F2868 /* Shared */,
				A4D8B87F51DDC1C04C297254 /* Products */,
			);
			sourceTree = "<group>";
		};
		C9E54AB558385EC21B94372B /* Components */ = {
			isa = PBXGroup;
			children = (
				E05B419486C78A41275EABDD /* CloudProviderLoginButton.swift */,
				51707F43C237ED155D6917F9 /* CloudProviderSettingsSection.swift */,
				2EA7660D344DF49A6D4D33C0 /* Color+Theme.swift */,
				1011234725F5BB35047B275D /* CreationModeToggle.swift */,
				16623E686C409CA3DA0F58F0 /* ErrorBanner.swift */,
				66648B664AC77481989CD3F5 /* FormatPreviewCard.swift */,
				9DF195CFFEE2055F5EAE3712 /* PageEditSheet.swift */,
				D64228589CE83CF12F9737CD /* PageOverviewGrid.swift */,
				1CFFAC355E53D85F1171749F /* PageThumbnail.swift */,
				94DDDC800E10F3D73BF26FAC /* SettingsPanelStyle.swift */,
				F0803EDC67C88DDF7BE27D24 /* SqueezeButton.swift */,
				A9C5397FB4C868DFF2016FD4 /* StoryJuicerGlassTokens.swift */,
				DDDC86776CF9946190CC7A70 /* StoryJuicerMotion.swift */,
				A5B4B87EE5BD03F3480E09D7 /* StoryJuicerTypography.swift */,
				9E107D6DA83C430CFEF52035 /* StoryQAFlowView.swift */,
				FCBB9A5C9AA4F2EFDB4E4894 /* StylePickerItem.swift */,
				375FB38423AC0B77E463B1F7 /* UnavailableOverlay.swift */,
				6CD8111F1323A2B66CC7EE4C /* View+StoryJuicerGlass.swift */,
			);
			path = Components;
			sourceTree = "<group>";
		};
		D74FECDBCB918240FAC29B11 /* Views */ = {
			isa = PBXGroup;
			children = (
				C9E54AB558385EC21B94372B /* Components */,
			);
			path = Views;
			sourceTree = "<group>";
		};
/* End PBXGroup section */

/* Begin PBXNativeTarget section */
		1D7852379DBB0A4A7E0D08C2 /* StoryFox-iOS */ = {
			isa = PBXNativeTarget;
			buildConfigurationList = CF93A5157854E3B47634B05F /* Build configuration list for PBXNativeTarget "StoryFox-iOS" */;
			buildPhases = (
				4AFECDA53E874A252C1A6620 /* Sources */,
				6DDC61F0B4FF07FD667A98FF /* Resources */,
				6DCE5178F837F07076EE44DE /* Frameworks */,
			);
			buildRules = (
			);
			dependencies = (
			);
			name = "StoryFox-iOS";
			packageProductDependencies = (
				30EE7D87D2471B5B447FEF71 /* MLX */,
				39C8DEB960B686BFCA548D8B /* MLXLLM */,
				CB56905C979221F2A76D2496 /* MLXLMCommon */,
				859E6C9DAF57886F2E18BF52 /* Hub */,
				6D68757B5212B780740ABD2C /* HuggingFace */,
			);
			productName = "StoryFox-iOS";
			productReference = A415AA2D994C12524BDE3F8F /* StoryFox-iOS.app */;
			productType = "com.apple.product-type.application";
		};
		BA1257A97055C3F5D5E14285 /* StoryFox */ = {
			isa = PBXNativeTarget;
			buildConfigurationList = E249BABEB23A92FA45A31DC1 /* Build configuration list for PBXNativeTarget "StoryFox" */;
			buildPhases = (
				939135DB206538CFE3373878 /* Sources */,
				B730BD733BFCF8BCB6A92A0E /* Resources */,
				B4AA334A33445736CEFD8211 /* Frameworks */,
			);
			buildRules = (
			);
			dependencies = (
			);
			name = StoryFox;
			packageProductDependencies = (
				4883FF59550B56DC958E2418 /* MLX */,
				92E393C5A671299F06B9E5E6 /* MLXLLM */,
				E395EF3BA3489D338C8399B7 /* MLXLMCommon */,
				61D53278CD0E4D1D6B869AB0 /* Hub */,
				75BC367ADA65D04BEFC1DD9C /* HuggingFace */,
				F2CFCC0C2197A231A9063A72 /* Sparkle */,
			);
			productName = StoryFox;
			productReference = AFB879FD47BE594F3328938C /* StoryFox.app */;
			productType = "com.apple.product-type.application";
		};
/* End PBXNativeTarget section */

/* Begin PBXProject section */
		62A322C22D253785FA5B97AB /* Project object */ = {
			isa = PBXProject;
			attributes = {
				BuildIndependentTargetsInParallel = YES;
				LastUpgradeCheck = 2600;
				TargetAttributes = {
					1D7852379DBB0A4A7E0D08C2 = {
						DevelopmentTeam = 47347VQHQV;
					};
				};
			};
			buildConfigurationList = FB0441E9D790C7969BE3C6A7 /* Build configuration list for PBXProject "StoryFox" */;
			compatibilityVersion = "Xcode 14.0";
			developmentRegion = en;
			hasScannedForEncodings = 0;
			knownRegions = (
				Base,
				en,
			);
			mainGroup = B64BEAF25DB6E39B06DA62AB;
			minimizedProjectReferenceProxies = 1;
			packageReferences = (
				E3EFFE93E4432D05C2CCD092 /* XCRemoteSwiftPackageReference "mlx-swift" */,
				537C94E0FFBB91510B6B3942 /* XCRemoteSwiftPackageReference "mlx-swift-lm" */,
				44E7FE0CB5E2F4C284A09E07 /* XCRemoteSwiftPackageReference "Sparkle" */,
				75B08513C2701C3CF7B45D4E /* XCRemoteSwiftPackageReference "swift-huggingface" */,
				6C0FC703D25835E275CEC16C /* XCRemoteSwiftPackageReference "swift-transformers" */,
			);
			preferredProjectObjectVersion = 77;
			projectDirPath = "";
			projectRoot = "";
			targets = (
				BA1257A97055C3F5D5E14285 /* StoryFox */,
				1D7852379DBB0A4A7E0D08C2 /* StoryFox-iOS */,
			);
		};
/* End PBXProject section */

/* Begin PBXResourcesBuildPhase section */
		6DDC61F0B4FF07FD667A98FF /* Resources */ = {
			isa = PBXResourcesBuildPhase;
			buildActionMask = 2147483647;
			files = (
				BA4174D2A52D5274FF0432E9 /* Assets.xcassets in Resources */,
			);
			runOnlyForDeploymentPostprocessing = 0;
		};
		B730BD733BFCF8BCB6A92A0E /* Resources */ = {
			isa = PBXResourcesBuildPhase;
			buildActionMask = 2147483647;
			files = (
				C85850FE074BC9D796FAC3D4 /* Assets.xcassets in Resources */,
				04CDC731F3DA65131A77F524 /* Diffusers in Resources */,
			);
			runOnlyForDeploymentPostprocessing = 0;
		};
/* End PBXResourcesBuildPhase section */

/* Begin PBXSourcesBuildPhase section */
		4AFECDA53E874A252C1A6620 /* Sources */ = {
			isa = PBXSourcesBuildPhase;
			buildActionMask = 2147483647;
			files = (
				A89491B98B947B0F37F66EDB /* BookFormat.swift in Sources */,
				6CB7DF03B5278F3C6561AC04 /* BookReaderViewModel.swift in Sources */,
				9EE014C987A9F270DB9F63BD /* CloudCredentialStore.swift in Sources */,
				A1C75E651DAB113AD3793C94 /* CloudImageGenerator.swift in Sources */,
				91D941B1F77DA98E53CA72AA /* CloudModelListCache.swift in Sources */,
				D00855980BD91C695553C351 /* CloudProviderLoginButton.swift in Sources */,
				67134607CB7774D0001B893F /* CloudProviderSettingsSection.swift in Sources */,
				5529D92A1C34E9D371C9C255 /* CloudProviderTypes.swift in Sources */,
				930EEE9EEF9F2ECB4E099A5C /* CloudTextGenerator.swift in Sources */,
				5E8A7BAFA325D6950DB59B60 /* Color+Theme.swift in Sources */,
				B0342676269F7DD19509B48A /* ContentSafetyPolicy.swift in Sources */,
				A65A5D62D333BD6433CA5EF9 /* CreationModeToggle.swift in Sources */,
				4176E2B27B0B4C66076C341A /* CreationViewModel.swift in Sources */,
				33E96632DF957ADBC000ABF1 /* DiffusersImageGenerator.swift in Sources */,
				168B43DE61227306575EEE54 /* DiffusersRuntimeManager.swift in Sources */,
				74D5CFC9EFE698DCC55C687B /* EPUBRendering.swift in Sources */,
				089BEF9E0D75291AA321B29A /* ErrorBanner.swift in Sources */,
				5CFF3AE055318BED6F083BAD /* FormatPreviewCard.swift in Sources */,
				78FF5094025CD55D7A62C936 /* GenerationDiagnosticsLogger.swift in Sources */,
				CD3934AD3802E864C1F77BEC /* GenerationOptions+Defaults.swift in Sources */,
				60CD8B8ED7235F5DB09DD0C0 /* GenerationProviderTypes.swift in Sources */,
				15B0C8CB25BFF17320E873B3 /* HFTokenStore.swift in Sources */,
				6B278792C41F29FD28DEE92A /* HuggingFaceOAuth.swift in Sources */,
				1294AF9172AE0778E0F4A391 /* IOSBookReaderView.swift in Sources */,
				19272B5F5894876CEFC5A3E4 /* IOSCreationView.swift in Sources */,
				F2CBF58313F53CCC21324BF6 /* IOSExportView.swift in Sources */,
				46266B74B850E9AD9E46E60B /* IOSGenerationProgressView.swift in Sources */,
				2BAC1BC0E649A40BAB98CE98 /* IOSModelSettingsView.swift in Sources */,
				E15C84767B5A74E6DAE78B38 /* IllustrationGenerator.swift in Sources */,
				E538F19E295D678543D62025 /* IllustrationPromptRewrite.swift in Sources */,
				1829347746148D308A6650E8 /* IllustrationStyle.swift in Sources */,
				AD09AF5C9F2C3591BD494AD8 /* ImageGenerationRouter.swift in Sources */,
				44C73A0877020FE1D0CF0A6F /* ImagePlaygroundImageGenerator.swift in Sources */,
				6CCC288469272CA7DF4BC912 /* MLXStoryGenerator.swift in Sources */,
				22D7C6F0F2A226207B0BB872 /* ModelSelectionStore.swift in Sources */,
				7FB985E5224F04DE2F9AA7C5 /* OpenAICompatibleClient.swift in Sources */,
				ADDBF0E9C7A9976E6D697840 /* PDFRendering.swift in Sources */,
				FDE549A5D5FA215555B1C573 /* PageEditSheet.swift in Sources */,
				C6A9D3AB85C625CF91419931 /* PageOverviewGrid.swift in Sources */,
				F309B2020FA4A5B9FF306BFC /* PageThumbnail.swift in Sources */,
				DFF2672F539D2BADFC1E210F /* PlatformImage.swift in Sources */,
				DDCFB0B59AD4EE0D0B03D4DB /* RemoteStoryGenerator.swift in Sources */,
				70A06D69A128054AFD3AADF4 /* SettingsPanelStyle.swift in Sources */,
				1559FA210F8A8A75D2281207 /* ShortcutStoryRequest.swift in Sources */,
				00CD835EDEE79AB3B7AC1C5F /* SqueezeButton.swift in Sources */,
				BB096F637B4BD3146EB5EE85 /* StoredStorybook.swift in Sources */,
				9DD49455F9D984A6D43598F3 /* StoryBook.swift in Sources */,
				887EE59F5C99A18483089AB3 /* StoryDecoding.swift in Sources */,
				3AECF7D5F25DAB9968F2A2AC /* StoryEPUBRenderer.swift in Sources */,
				D293AAA325EA02EDFE8636A5 /* StoryFoxApp.swift in Sources */,
				D915B8CCF44EC7C84D678892 /* StoryFoxShortcuts.swift in Sources */,
				8A7E9F092D9B3223CEAFBE3E /* StoryGenerator.swift in Sources */,
				8513C1380DD98D66924BEC73 /* StoryImageGenerating.swift in Sources */,
				F1AF15770F50E0337A66DB6D /* StoryJuicerGlassTokens.swift in Sources */,
				99BEFFF3734205C8CFBB54B1 /* StoryJuicerMotion.swift in Sources */,
				88385477D8F39D70753F59A2 /* StoryJuicerTypography.swift in Sources */,
				48DEFFE0627FDF4B481423C7 /* StoryPDFRenderer.swift in Sources */,
				12AB36648611A65383BEB843 /* StoryPromptTemplates.swift in Sources */,
				10A0AB28C9070F79A6CD0563 /* StoryProviderAvailability.swift in Sources */,
				091B8C09F4663B031DEE57B2 /* StoryQAFlowView.swift in Sources */,
				A72EC91AA026A89DF266B4DE /* StoryQAModels.swift in Sources */,
				34FD995DD106B0A7FEF89EAC /* StoryQAPromptTemplates.swift in Sources */,
				3F781A89F8B660A6F7B7367A /* StoryQAViewModel.swift in Sources */,
				ACE2BBC71E94418619C966C7 /* StoryTextGenerating.swift in Sources */,
				53B37C71A174F5BC0BA08ADF /* StylePickerItem.swift in Sources */,
				CD49933D590AD60B415598EE /* UnavailableOverlay.swift in Sources */,
				85FD8CF2D65B16E8F0BFFB40 /* View+StoryJuicerGlass.swift in Sources */,
				62F55F0AD89D6069DAB16159 /* ZIPBuilder.swift in Sources */,
			);
			runOnlyForDeploymentPostprocessing = 0;
		};
		939135DB206538CFE3373878 /* Sources */ = {
			isa = PBXSourcesBuildPhase;
			buildActionMask = 2147483647;
			files = (
				B182EC2AE3F55D482834BEDE /* BookFormat.swift in Sources */,
				C3DB3430BF9E01ADFFCA285A /* BookReaderViewModel.swift in Sources */,
				897B081E6815C0B69350A816 /* CloudCredentialStore.swift in Sources */,
				5EDC5105FD329F124EBD172D /* CloudImageGenerator.swift in Sources */,
				7DA9BBAD0EE0F42D02EBEA26 /* CloudModelListCache.swift in Sources */,
				79A1D3796071DFF9F49D9E77 /* CloudProviderLoginButton.swift in Sources */,
				078378D3EF4D6EC90D4DAF59 /* CloudProviderSettingsSection.swift in Sources */,
				FD6D93751F62175384A6AB58 /* CloudProviderTypes.swift in Sources */,
				EFAE6A6B91EE57BA1959D835 /* CloudTextGenerator.swift in Sources */,
				D6A19B6BE398E3DB44E08948 /* Color+Theme.swift in Sources */,
				37433D9686B40BA3AE17BCCC /* ContentSafetyPolicy.swift in Sources */,
				C1ACF8009112FE284A40A3E8 /* CreationModeToggle.swift in Sources */,
				25EF5B5068E8BBEE0B49F5AC /* CreationViewModel.swift in Sources */,
				ADC1EEA47A4021D5037A74D0 /* DiffusersImageGenerator.swift in Sources */,
				306F4D03BC6C04477ACFBD43 /* DiffusersRuntimeManager.swift in Sources */,
				F05A0E5EC507E017441C6815 /* EPUBRendering.swift in Sources */,
				3B447B651D8BF15A946A0792 /* ErrorBanner.swift in Sources */,
				A59DA0DDEA9F39E856E529D3 /* FormatPreviewCard.swift in Sources */,
				BC33DAD6671C8242B1E13995 /* GenerationDiagnosticsLogger.swift in Sources */,
				AAABF311445D851A2320A9F5 /* GenerationOptions+Defaults.swift in Sources */,
				92E7459B07A5AAA94B47B521 /* GenerationProviderTypes.swift in Sources */,
				9F8647225882F7E786BD756F /* HFTokenStore.swift in Sources */,
				36DD6E28C823018FC9909196 /* HuggingFaceOAuth.swift in Sources */,
				67A9829AF0C9246C87F6362F /* IllustrationGenerator.swift in Sources */,
				48E11616E77B18ADF12ECAA1 /* IllustrationPromptRewrite.swift in Sources */,
				C7B7BECBFC8E23EE816CFECB /* IllustrationStyle.swift in Sources */,
				AFEEA9EEEB239A11A2D90AC6 /* ImageGenerationRouter.swift in Sources */,
				70E769DFFB161BFBCA3607DD /* ImagePlaygroundImageGenerator.swift in Sources */,
				056FD32CF37730AE9209872F /* MLXStoryGenerator.swift in Sources */,
				727B452A4B3D57DAB28CE815 /* MacBookReaderView.swift in Sources */,
				579A18033BF58ECFD5A129C8 /* MacCreationView.swift in Sources */,
				D4AB9161A2297DF63309DD66 /* MacExportView.swift in Sources */,
				DE7A5D4B848E0A95CE5DA05D /* MacGenerationProgressView.swift in Sources */,
				D8B0C391AF213C150A98684C /* MacModelSettingsView.swift in Sources */,
				B0A76C3CCC5FC2AE65B74026 /* ModelSelectionStore.swift in Sources */,
				497CF585CD6048D47F301167 /* OpenAICompatibleClient.swift in Sources */,
				ED0B304553A81731C7845467 /* PDFRenderer+macOS.swift in Sources */,
				B916359B070BFF0CA294265F /* PDFRendering.swift in Sources */,
				699D5E1DDA2D90F4FF887108 /* PageEditSheet.swift in Sources */,
				530D119C746E37BF9E9F9161 /* PageOverviewGrid.swift in Sources */,
				D7D4D98EC11E002EEBAECFDF /* PageThumbnail.swift in Sources */,
				D65465D328CA2A926D9FA897 /* PlatformImage.swift in Sources */,
				A0823C6A84A70FCE01893CE2 /* RemoteStoryGenerator.swift in Sources */,
				2A535CB2F890B06B09440D75 /* SettingsPanelStyle.swift in Sources */,
				DC6F62ECC372AFDE96B8F610 /* ShortcutStoryRequest.swift in Sources */,
				F5D0D4CAC5B1F1B64E9A42D3 /* SoftwareUpdateManager.swift in Sources */,
				D99BF5BA755F7DDFD9A2709D /* SqueezeButton.swift in Sources */,
				0DBDCCC3D8A3D302792FD4F1 /* StoredStorybook.swift in Sources */,
				0FF18F597C75A7F43D5B8C36 /* StoryBook.swift in Sources */,
				5F59EAAC23312209E332030A /* StoryDecoding.swift in Sources */,
				2656379D969FC3A0C600400E /* StoryEPUBRenderer.swift in Sources */,
				487AAA1C09EE78AB141E47BD /* StoryFoxApp.swift in Sources */,
				3EE9DE3B191B856ED4286DCE /* StoryFoxShortcuts.swift in Sources */,
				103B50409CCDCE857A27F1B5 /* StoryGenerator.swift in Sources */,
				4F278300638D65865F318E06 /* StoryImageGenerating.swift in Sources */,
				3407CA77122526DDE8B89B8C /* StoryJuicerGlassTokens.swift in Sources */,
				A629F10B2A1C0567367E7A94 /* StoryJuicerMotion.swift in Sources */,
				C56E545B77EA9A9A07E02627 /* StoryJuicerTypography.swift in Sources */,
				FB78A2AABDEFAB1A34A5A6AD /* StoryPDFRenderer.swift in Sources */,
				B867E673EEC5ABA3998DFE69 /* StoryPromptTemplates.swift in Sources */,
				993A1E38333733070DFF1E48 /* StoryProviderAvailability.swift in Sources */,
				030B9CCFE0FC2DF9D8658AEE /* StoryQAFlowView.swift in Sources */,
				08C2FD6B07DBC60A20A5F202 /* StoryQAModels.swift in Sources */,
				68D1C0BC48BCDCEE1DFB986D /* StoryQAPromptTemplates.swift in Sources */,
				2F3A4BF2AE92A8E0E8DAA164 /* StoryQAViewModel.swift in Sources */,
				D5C0844CBC273FDB32462D29 /* StoryTextGenerating.swift in Sources */,
				C9991EAB741D5D5A6B3A36B2 /* StylePickerItem.swift in Sources */,
				7B42A62637B6C9A9265936AA /* UnavailableOverlay.swift in Sources */,
				28A391F50D03B221F53255A0 /* View+StoryJuicerGlass.swift in Sources */,
				FC48EA4C5DBC0E165B835D95 /* ZIPBuilder.swift in Sources */,
			);
			runOnlyForDeploymentPostprocessing = 0;
		};
/* End PBXSourcesBuildPhase section */

/* Begin XCBuildConfiguration section */
		0D0BE7977E785BDD311E9EAF /* Debug */ = {
			isa = XCBuildConfiguration;
			buildSettings = {
				ALWAYS_SEARCH_USER_PATHS = NO;
				CLANG_ANALYZER_NONNULL = YES;
				CLANG_ANALYZER_NUMBER_OBJECT_CONVERSION = YES_AGGRESSIVE;
				CLANG_CXX_LANGUAGE_STANDARD = "gnu++14";
				CLANG_CXX_LIBRARY = "libc++";
				CLANG_ENABLE_MODULES = YES;
				CLANG_ENABLE_OBJC_ARC = YES;
				CLANG_ENABLE_OBJC_WEAK = YES;
				CLANG_WARN_BLOCK_CAPTURE_AUTORELEASING = YES;
				CLANG_WARN_BOOL_CONVERSION = YES;
				CLANG_WARN_COMMA = YES;
				CLANG_WARN_CONSTANT_CONVERSION = YES;
				CLANG_WARN_DEPRECATED_OBJC_IMPLEMENTATIONS = YES;
				CLANG_WARN_DIRECT_OBJC_ISA_USAGE = YES_ERROR;
				CLANG_WARN_DOCUMENTATION_COMMENTS = YES;
				CLANG_WARN_EMPTY_BODY = YES;
				CLANG_WARN_ENUM_CONVERSION = YES;
				CLANG_WARN_INFINITE_RECURSION = YES;
				CLANG_WARN_INT_CONVERSION = YES;
				CLANG_WARN_NON_LITERAL_NULL_CONVERSION = YES;
				CLANG_WARN_OBJC_IMPLICIT_RETAIN_SELF = YES;
				CLANG_WARN_OBJC_LITERAL_CONVERSION = YES;
				CLANG_WARN_OBJC_ROOT_CLASS = YES_ERROR;
				CLANG_WARN_QUOTED_INCLUDE_IN_FRAMEWORK_HEADER = YES;
				CLANG_WARN_RANGE_LOOP_ANALYSIS = YES;
				CLANG_WARN_STRICT_PROTOTYPES = YES;
				CLANG_WARN_SUSPICIOUS_MOVE = YES;
				CLANG_WARN_UNGUARDED_AVAILABILITY = YES_AGGRESSIVE;
				CLANG_WARN_UNREACHABLE_CODE = YES;
				CLANG_WARN__DUPLICATE_METHOD_MATCH = YES;
				COPY_PHASE_STRIP = NO;
				DEBUG_INFORMATION_FORMAT = dwarf;
				ENABLE_STRICT_OBJC_MSGSEND = YES;
				ENABLE_TESTABILITY = YES;
				GCC_C_LANGUAGE_STANDARD = gnu11;
				GCC_DYNAMIC_NO_PIC = NO;
				GCC_NO_COMMON_BLOCKS = YES;
				GCC_OPTIMIZATION_LEVEL = 0;
				GCC_PREPROCESSOR_DEFINITIONS = (
					"$(inherited)",
					"DEBUG=1",
				);
				GCC_WARN_64_TO_32_BIT_CONVERSION = YES;
				GCC_WARN_ABOUT_RETURN_TYPE = YES_ERROR;
				GCC_WARN_UNDECLARED_SELECTOR = YES;
				GCC_WARN_UNINITIALIZED_AUTOS = YES_AGGRESSIVE;
				GCC_WARN_UNUSED_FUNCTION = YES;
				GCC_WARN_UNUSED_VARIABLE = YES;
				IPHONEOS_DEPLOYMENT_TARGET = 26.0;
				MACOSX_DEPLOYMENT_TARGET = 26.0;
				MTL_ENABLE_DEBUG_INFO = INCLUDE_SOURCE;
				MTL_FAST_MATH = YES;
				ONLY_ACTIVE_ARCH = YES;
				PRODUCT_NAME = "$(TARGET_NAME)";
				SWIFT_ACTIVE_COMPILATION_CONDITIONS = DEBUG;
				SWIFT_OPTIMIZATION_LEVEL = "-Onone";
				SWIFT_VERSION = 6.0;
			};
			name = Debug;
		};
		39EFDAE6909D81FB82048AF1 /* Release */ = {
			isa = XCBuildConfiguration;
			buildSettings = {
				ASSETCATALOG_COMPILER_APPICON_NAME = AppIcon;
				CODE_SIGN_ENTITLEMENTS = "Resources/StoryFox-iOS.entitlements";
				CODE_SIGN_IDENTITY = "iPhone Developer";
				CURRENT_PROJECT_VERSION = 1;
				DEVELOPMENT_TEAM = 47347VQHQV;
				GENERATE_INFOPLIST_FILE = YES;
				INFOPLIST_GENERATION_MODE = GeneratedFile;
				INFOPLIST_KEY_CFBundleURLTypes = "<array><dict> <key>CFBundleURLName</key><string>com.jakerains.StoryFox.oauth</string> <key>CFBundleURLSchemes</key><array><string>storyfox</string></array> </dict></array>";
				INFOPLIST_KEY_UILaunchScreen_Generation = YES;
				INFOPLIST_KEY_UISupportedInterfaceOrientations_iPad = "UIInterfaceOrientationPortrait UIInterfaceOrientationPortraitUpsideDown UIInterfaceOrientationLandscapeLeft UIInterfaceOrientationLandscapeRight";
				INFOPLIST_KEY_UISupportedInterfaceOrientations_iPhone = "UIInterfaceOrientationPortrait UIInterfaceOrientationLandscapeLeft UIInterfaceOrientationLandscapeRight";
				LD_RUNPATH_SEARCH_PATHS = (
					"$(inherited)",
					"@executable_path/Frameworks",
				);
				MARKETING_VERSION = 1.0;
				PRODUCT_BUNDLE_IDENTIFIER = com.jakerains.StoryFox;
				PRODUCT_NAME = StoryFox;
				SDKROOT = iphoneos;
				SWIFT_STRICT_CONCURRENCY = complete;
				TARGETED_DEVICE_FAMILY = "1,2";
			};
			name = Release;
		};
		B6AAA72E5F3C80FA33D9D317 /* Debug */ = {
			isa = XCBuildConfiguration;
			buildSettings = {
				ASSETCATALOG_COMPILER_APPICON_NAME = AppIcon;
				CODE_SIGN_ENTITLEMENTS = Resources/StoryFox.entitlements;
				COMBINE_HIDPI_IMAGES = YES;
				CURRENT_PROJECT_VERSION = 14;
				GENERATE_INFOPLIST_FILE = YES;
				INFOPLIST_FILE = "Resources/StoryFox-Info.plist";
				INFOPLIST_GENERATION_MODE = GeneratedFile;
				INFOPLIST_KEY_CFBundleURLTypes = "<array><dict> <key>CFBundleURLName</key><string>com.jakerains.StoryFox.oauth</string> <key>CFBundleURLSchemes</key><array><string>storyfox</string></array> </dict></array>";
				LD_RUNPATH_SEARCH_PATHS = (
					"$(inherited)",
					"@executable_path/../Frameworks",
				);
				MARKETING_VERSION = 1.3.1;
				PRODUCT_BUNDLE_IDENTIFIER = com.jakerains.StoryFox;
				PRODUCT_NAME = StoryFox;
				SDKROOT = macosx;
				SWIFT_STRICT_CONCURRENCY = complete;
			};
			name = Debug;
		};
		B7526D0F528A097C3368F638 /* Debug */ = {
			isa = XCBuildConfiguration;
			buildSettings = {
				ASSETCATALOG_COMPILER_APPICON_NAME = AppIcon;
				CODE_SIGN_ENTITLEMENTS = "Resources/StoryFox-iOS.entitlements";
				CODE_SIGN_IDENTITY = "iPhone Developer";
				CURRENT_PROJECT_VERSION = 1;
				DEVELOPMENT_TEAM = 47347VQHQV;
				GENERATE_INFOPLIST_FILE = YES;
				INFOPLIST_GENERATION_MODE = GeneratedFile;
				INFOPLIST_KEY_CFBundleURLTypes = "<array><dict> <key>CFBundleURLName</key><string>com.jakerains.StoryFox.oauth</string> <key>CFBundleURLSchemes</key><array><string>storyfox</string></array> </dict></array>";
				INFOPLIST_KEY_UILaunchScreen_Generation = YES;
				INFOPLIST_KEY_UISupportedInterfaceOrientations_iPad = "UIInterfaceOrientationPortrait UIInterfaceOrientationPortraitUpsideDown UIInterfaceOrientationLandscapeLeft UIInterfaceOrientationLandscapeRight";
				INFOPLIST_KEY_UISupportedInterfaceOrientations_iPhone = "UIInterfaceOrientationPortrait UIInterfaceOrientationLandscapeLeft UIInterfaceOrientationLandscapeRight";
				LD_RUNPATH_SEARCH_PATHS = (
					"$(inherited)",
					"@executable_path/Frameworks",
				);
				MARKETING_VERSION = 1.0;
				PRODUCT_BUNDLE_IDENTIFIER = com.jakerains.StoryFox;
				PRODUCT_NAME = StoryFox;
				SDKROOT = iphoneos;
				SWIFT_STRICT_CONCURRENCY = complete;
				TARGETED_DEVICE_FAMILY = "1,2";
			};
			name = Debug;
		};
		C036D4C30EDEBDA594CDF02E /* Release */ = {
			isa = XCBuildConfiguration;
			buildSettings = {
				ALWAYS_SEARCH_USER_PATHS = NO;
				CLANG_ANALYZER_NONNULL = YES;
				CLANG_ANALYZER_NUMBER_OBJECT_CONVERSION = YES_AGGRESSIVE;
				CLANG_CXX_LANGUAGE_STANDARD = "gnu++14";
				CLANG_CXX_LIBRARY = "libc++";
				CLANG_ENABLE_MODULES = YES;
				CLANG_ENABLE_OBJC_ARC = YES;
				CLANG_ENABLE_OBJC_WEAK = YES;
				CLANG_WARN_BLOCK_CAPTURE_AUTORELEASING = YES;
				CLANG_WARN_BOOL_CONVERSION = YES;
				CLANG_WARN_COMMA = YES;
				CLANG_WARN_CONSTANT_CONVERSION = YES;
				CLANG_WARN_DEPRECATED_OBJC_IMPLEMENTATIONS = YES;
				CLANG_WARN_DIRECT_OBJC_ISA_USAGE = YES_ERROR;
				CLANG_WARN_DOCUMENTATION_COMMENTS = YES;
				CLANG_WARN_EMPTY_BODY = YES;
				CLANG_WARN_ENUM_CONVERSION = YES;
				CLANG_WARN_INFINITE_RECURSION = YES;
				CLANG_WARN_INT_CONVERSION = YES;
				CLANG_WARN_NON_LITERAL_NULL_CONVERSION = YES;
				CLANG_WARN_OBJC_IMPLICIT_RETAIN_SELF = YES;
				CLANG_WARN_OBJC_LITERAL_CONVERSION = YES;
				CLANG_WARN_OBJC_ROOT_CLASS = YES_ERROR;
				CLANG_WARN_QUOTED_INCLUDE_IN_FRAMEWORK_HEADER = YES;
				CLANG_WARN_RANGE_LOOP_ANALYSIS = YES;
				CLANG_WARN_STRICT_PROTOTYPES = YES;
				CLANG_WARN_SUSPICIOUS_MOVE = YES;
				CLANG_WARN_UNGUARDED_AVAILABILITY = YES_AGGRESSIVE;
				CLANG_WARN_UNREACHABLE_CODE = YES;
				CLANG_WARN__DUPLICATE_METHOD_MATCH = YES;
				COPY_PHASE_STRIP = NO;
				DEBUG_INFORMATION_FORMAT = "dwarf-with-dsym";
				ENABLE_NS_ASSERTIONS = NO;
				ENABLE_STRICT_OBJC_MSGSEND = YES;
				GCC_C_LANGUAGE_STANDARD = gnu11;
				GCC_NO_COMMON_BLOCKS = YES;
				GCC_WARN_64_TO_32_BIT_CONVERSION = YES;
				GCC_WARN_ABOUT_RETURN_TYPE = YES_ERROR;
				GCC_WARN_UNDECLARED_SELECTOR = YES;
				GCC_WARN_UNINITIALIZED_AUTOS = YES_AGGRESSIVE;
				GCC_WARN_UNUSED_FUNCTION = YES;
				GCC_WARN_UNUSED_VARIABLE = YES;
				IPHONEOS_DEPLOYMENT_TARGET = 26.0;
				MACOSX_DEPLOYMENT_TARGET = 26.0;
				MTL_ENABLE_DEBUG_INFO = NO;
				MTL_FAST_MATH = YES;
				PRODUCT_NAME = "$(TARGET_NAME)";
				SWIFT_COMPILATION_MODE = wholemodule;
				SWIFT_OPTIMIZATION_LEVEL = "-O";
				SWIFT_VERSION = 6.0;
			};
			name = Release;
		};
		D6FB42BA016C5FCA53DDC8D2 /* Release */ = {
			isa = XCBuildConfiguration;
			buildSettings = {
				ASSETCATALOG_COMPILER_APPICON_NAME = AppIcon;
				CODE_SIGN_ENTITLEMENTS = Resources/StoryFox.entitlements;
				COMBINE_HIDPI_IMAGES = YES;
				CURRENT_PROJECT_VERSION = 14;
				GENERATE_INFOPLIST_FILE = YES;
				INFOPLIST_FILE = "Resources/StoryFox-Info.plist";
				INFOPLIST_GENERATION_MODE = GeneratedFile;
				INFOPLIST_KEY_CFBundleURLTypes = "<array><dict> <key>CFBundleURLName</key><string>com.jakerains.StoryFox.oauth</string> <key>CFBundleURLSchemes</key><array><string>storyfox</string></array> </dict></array>";
				LD_RUNPATH_SEARCH_PATHS = (
					"$(inherited)",
					"@executable_path/../Frameworks",
				);
				MARKETING_VERSION = 1.3.1;
				PRODUCT_BUNDLE_IDENTIFIER = com.jakerains.StoryFox;
				PRODUCT_NAME = StoryFox;
				SDKROOT = macosx;
				SWIFT_STRICT_CONCURRENCY = complete;
			};
			name = Release;
		};
/* End XCBuildConfiguration section */

/* Begin XCConfigurationList section */
		CF93A5157854E3B47634B05F /* Build configuration list for PBXNativeTarget "StoryFox-iOS" */ = {
			isa = XCConfigurationList;
			buildConfigurations = (
				B7526D0F528A097C3368F638 /* Debug */,
				39EFDAE6909D81FB82048AF1 /* Release */,
			);
			defaultConfigurationIsVisible = 0;
			defaultConfigurationName = Debug;
		};
		E249BABEB23A92FA45A31DC1 /* Build configuration list for PBXNativeTarget "StoryFox" */ = {
			isa = XCConfigurationList;
			buildConfigurations = (
				B6AAA72E5F3C80FA33D9D317 /* Debug */,
				D6FB42BA016C5FCA53DDC8D2 /* Release */,
			);
			defaultConfigurationIsVisible = 0;
			defaultConfigurationName = Debug;
		};
		FB0441E9D790C7969BE3C6A7 /* Build configuration list for PBXProject "StoryFox" */ = {
			isa = XCConfigurationList;
			buildConfigurations = (
				0D0BE7977E785BDD311E9EAF /* Debug */,
				C036D4C30EDEBDA594CDF02E /* Release */,
			);
			defaultConfigurationIsVisible = 0;
			defaultConfigurationName = Debug;
		};
/* End XCConfigurationList section */

/* Begin XCRemoteSwiftPackageReference section */
		44E7FE0CB5E2F4C284A09E07 /* XCRemoteSwiftPackageReference "Sparkle" */ = {
			isa = XCRemoteSwiftPackageReference;
			repositoryURL = "https://github.com/sparkle-project/Sparkle";
			requirement = {
				kind = upToNextMajorVersion;
				minimumVersion = 2.8.1;
			};
		};
		537C94E0FFBB91510B6B3942 /* XCRemoteSwiftPackageReference "mlx-swift-lm" */ = {
			isa = XCRemoteSwiftPackageReference;
			repositoryURL = "https://github.com/ml-explore/mlx-swift-lm";
			requirement = {
				kind = exactVersion;
				version = 2.30.3;
			};
		};
		6C0FC703D25835E275CEC16C /* XCRemoteSwiftPackageReference "swift-transformers" */ = {
			isa = XCRemoteSwiftPackageReference;
			repositoryURL = "https://github.com/huggingface/swift-transformers";
			requirement = {
				kind = exactVersion;
				version = 1.1.6;
			};
		};
		75B08513C2701C3CF7B45D4E /* XCRemoteSwiftPackageReference "swift-huggingface" */ = {
			isa = XCRemoteSwiftPackageReference;
			repositoryURL = "https://github.com/huggingface/swift-huggingface";
			requirement = {
				kind = upToNextMajorVersion;
				minimumVersion = 0.5.0;
			};
		};
		E3EFFE93E4432D05C2CCD092 /* XCRemoteSwiftPackageReference "mlx-swift" */ = {
			isa = XCRemoteSwiftPackageReference;
			repositoryURL = "https://github.com/ml-explore/mlx-swift";
			requirement = {
				kind = exactVersion;
				version = 0.30.6;
			};
		};
/* End XCRemoteSwiftPackageReference section */

/* Begin XCSwiftPackageProductDependency section */
		30EE7D87D2471B5B447FEF71 /* MLX */ = {
			isa = XCSwiftPackageProductDependency;
			package = E3EFFE93E4432D05C2CCD092 /* XCRemoteSwiftPackageReference "mlx-swift" */;
			productName = MLX;
		};
		39C8DEB960B686BFCA548D8B /* MLXLLM */ = {
			isa = XCSwiftPackageProductDependency;
			package = 537C94E0FFBB91510B6B3942 /* XCRemoteSwiftPackageReference "mlx-swift-lm" */;
			productName = MLXLLM;
		};
		4883FF59550B56DC958E2418 /* MLX */ = {
			isa = XCSwiftPackageProductDependency;
			package = E3EFFE93E4432D05C2CCD092 /* XCRemoteSwiftPackageReference "mlx-swift" */;
			productName = MLX;
		};
		61D53278CD0E4D1D6B869AB0 /* Hub */ = {
			isa = XCSwiftPackageProductDependency;
			package = 6C0FC703D25835E275CEC16C /* XCRemoteSwiftPackageReference "swift-transformers" */;
			productName = Hub;
		};
		6D68757B5212B780740ABD2C /* HuggingFace */ = {
			isa = XCSwiftPackageProductDependency;
			package = 75B08513C2701C3CF7B45D4E /* XCRemoteSwiftPackageReference "swift-huggingface" */;
			productName = HuggingFace;
		};
		75BC367ADA65D04BEFC1DD9C /* HuggingFace */ = {
			isa = XCSwiftPackageProductDependency;
			package = 75B08513C2701C3CF7B45D4E /* XCRemoteSwiftPackageReference "swift-huggingface" */;
			productName = HuggingFace;
		};
		859E6C9DAF57886F2E18BF52 /* Hub */ = {
			isa = XCSwiftPackageProductDependency;
			package = 6C0FC703D25835E275CEC16C /* XCRemoteSwiftPackageReference "swift-transformers" */;
			productName = Hub;
		};
		92E393C5A671299F06B9E5E6 /* MLXLLM */ = {
			isa = XCSwiftPackageProductDependency;
			package = 537C94E0FFBB91510B6B3942 /* XCRemoteSwiftPackageReference "mlx-swift-lm" */;
			productName = MLXLLM;
		};
		CB56905C979221F2A76D2496 /* MLXLMCommon */ = {
			isa = XCSwiftPackageProductDependency;
			package = 537C94E0FFBB91510B6B3942 /* XCRemoteSwiftPackageReference "mlx-swift-lm" */;
			productName = MLXLMCommon;
		};
		E395EF3BA3489D338C8399B7 /* MLXLMCommon */ = {
			isa = XCSwiftPackageProductDependency;
			package = 537C94E0FFBB91510B6B3942 /* XCRemoteSwiftPackageReference "mlx-swift-lm" */;
			productName = MLXLMCommon;
		};
		F2CFCC0C2197A231A9063A72 /* Sparkle */ = {
			isa = XCSwiftPackageProductDependency;
			package = 44E7FE0CB5E2F4C284A09E07 /* XCRemoteSwiftPackageReference "Sparkle" */;
			productName = Sparkle;
		};
/* End XCSwiftPackageProductDependency section */
	};
	rootObject = 62A322C22D253785FA5B97AB /* Project object */;
}
