// !$*UTF8*$!
{
	archiveVersion = 1;
	classes = {
	};
	objectVersion = 77;
	objects = {

/* Begin PBXBuildFile section */
		030FB849DAEB09307A6B1D59 /* Hub in Frameworks */ = {isa = PBXBuildFile; productRef = C52BB850C95829BC1F9593FF /* Hub */; };
		036CD056C578AD624A0D567D /* StoryJuicerGlassTokens.swift in Sources */ = {isa = PBXBuildFile; fileRef = 0465CDDABA6910466B3F2646 /* StoryJuicerGlassTokens.swift */; };
		03B7FCDDA981DB284AF52442 /* StoryPromptTemplates.swift in Sources */ = {isa = PBXBuildFile; fileRef = 83F0E8FEF92E7D35D917733B /* StoryPromptTemplates.swift */; };
		0570E6234B7DBFDE8D1F484F /* ImageGenerationRouter.swift in Sources */ = {isa = PBXBuildFile; fileRef = 5246ABE06972B5C77A831DB3 /* ImageGenerationRouter.swift */; };
		069A686A8A1B53627C573CE8 /* RemoteStoryGenerator.swift in Sources */ = {isa = PBXBuildFile; fileRef = 3282FF0A1043D6610BC79A5D /* RemoteStoryGenerator.swift */; };
		06E5582CD44D114BFB1D207A /* HFTokenStore.swift in Sources */ = {isa = PBXBuildFile; fileRef = BF593C1CFC881B77EFDDB3E4 /* HFTokenStore.swift */; };
		08C4B09F88243EE020A95E55 /* CloudProviderSettingsSection.swift in Sources */ = {isa = PBXBuildFile; fileRef = D7CA4CCF3DEA926328D6E97B /* CloudProviderSettingsSection.swift */; };
		0DC232DECBFB609512DDF498 /* CloudImageGenerator.swift in Sources */ = {isa = PBXBuildFile; fileRef = CD7B7AF295D56F299AAA3D7A /* CloudImageGenerator.swift */; };
		0DE68655D3733D3FC01C2DBF /* StoryPromptTemplates.swift in Sources */ = {isa = PBXBuildFile; fileRef = 83F0E8FEF92E7D35D917733B /* StoryPromptTemplates.swift */; };
		0ECE826FB41DE7BE26620922 /* SoftwareUpdateManager.swift in Sources */ = {isa = PBXBuildFile; fileRef = A7AF46EB88AE6E57FDD28E32 /* SoftwareUpdateManager.swift */; };
		11F9BDD15C4E659575D07197 /* StoryGenerator.swift in Sources */ = {isa = PBXBuildFile; fileRef = 5078BE3DB7C1431918C6A34D /* StoryGenerator.swift */; };
		13515323939A3C2160369485 /* ContentSafetyPolicy.swift in Sources */ = {isa = PBXBuildFile; fileRef = 1713919CD5C0740D7D4CD440 /* ContentSafetyPolicy.swift */; };
		13C5EC0754FED110E7FB2DCD /* MacCreationView.swift in Sources */ = {isa = PBXBuildFile; fileRef = A04654598FF9E9B2E26FD112 /* MacCreationView.swift */; };
		14037AB90EA2D4358884B713 /* MLX in Frameworks */ = {isa = PBXBuildFile; productRef = C85C7AE35DE49A94DAEE7578 /* MLX */; };
		142EC4EC1A41227994C18EFD /* OpenAICompatibleClient.swift in Sources */ = {isa = PBXBuildFile; fileRef = 57C6DCF516BA7ED2115A951C /* OpenAICompatibleClient.swift */; };
		14440574A93F0A95B024D1C6 /* HuggingFace in Frameworks */ = {isa = PBXBuildFile; productRef = E92E4631F6854743E6BFB04B /* HuggingFace */; };
		179C9288F90EA30EF304FE9F /* MLXLLM in Frameworks */ = {isa = PBXBuildFile; productRef = 31625B913AB44197A3366AED /* MLXLLM */; };
		17FA8401DFE98506B4A874C2 /* StylePickerItem.swift in Sources */ = {isa = PBXBuildFile; fileRef = 2FB6660A103278FE9AD216B1 /* StylePickerItem.swift */; };
		187E32B8BACA89A85A1AB222 /* CloudCredentialStore.swift in Sources */ = {isa = PBXBuildFile; fileRef = 8ECF2D7D80B77CA03E4D3A0F /* CloudCredentialStore.swift */; };
		193D9B73D8C6EAFAF7178030 /* StoryPDFRenderer.swift in Sources */ = {isa = PBXBuildFile; fileRef = 3F63A4CCA685BFAC079B4446 /* StoryPDFRenderer.swift */; };
		1A6BF09C36340F254BD0BA25 /* PDFRendering.swift in Sources */ = {isa = PBXBuildFile; fileRef = B3841D780DBD2697D3E015A1 /* PDFRendering.swift */; };
		1AF58CAB741F8D851CF51A1F /* GenerationDiagnosticsLogger.swift in Sources */ = {isa = PBXBuildFile; fileRef = 936FDCA097D737885BC90C26 /* GenerationDiagnosticsLogger.swift */; };
		1D05F6063A1925E4DCAB5EA6 /* FormatPreviewCard.swift in Sources */ = {isa = PBXBuildFile; fileRef = 70A26FB75E213C902755B4D9 /* FormatPreviewCard.swift */; };
		20C49A4B1098079D6A0744A2 /* GenerationProviderTypes.swift in Sources */ = {isa = PBXBuildFile; fileRef = C967AED9CB88B76FB2051F4B /* GenerationProviderTypes.swift */; };
		228BD1BA1C7A36DBC8E739BF /* OpenAICompatibleClient.swift in Sources */ = {isa = PBXBuildFile; fileRef = 57C6DCF516BA7ED2115A951C /* OpenAICompatibleClient.swift */; };
		22BC8C342CBC633940835053 /* Assets.xcassets in Resources */ = {isa = PBXBuildFile; fileRef = E1B4A08BFCA4ABD345BAEA42 /* Assets.xcassets */; };
		22DFF80FBFE7655F815184F9 /* StoryImageGenerating.swift in Sources */ = {isa = PBXBuildFile; fileRef = E4D496964D532F79FEC45D72 /* StoryImageGenerating.swift */; };
		265B6241D951BA7F00C01C92 /* StoryJuicerMotion.swift in Sources */ = {isa = PBXBuildFile; fileRef = 0FF014955DEF228F50D5F151 /* StoryJuicerMotion.swift */; };
		27E1B7E2216026405CAD0E65 /* SqueezeButton.swift in Sources */ = {isa = PBXBuildFile; fileRef = 337E19A50437FAAE88D08E4C /* SqueezeButton.swift */; };
		28F45A0271E376E04C07181C /* CloudProviderTypes.swift in Sources */ = {isa = PBXBuildFile; fileRef = 833044E6A26F1C94BCA9E828 /* CloudProviderTypes.swift */; };
		29FA6CF0E1601193715097E1 /* BookReaderViewModel.swift in Sources */ = {isa = PBXBuildFile; fileRef = 746E6C765E6AD016E52B07CA /* BookReaderViewModel.swift */; };
		2C21DE169983037B471D84EF /* MLXLLM in Frameworks */ = {isa = PBXBuildFile; productRef = AFC046BB7D2D17CCE55CD262 /* MLXLLM */; };
		2E553588DFF61804B95637D3 /* MLXLMCommon in Frameworks */ = {isa = PBXBuildFile; productRef = A4627FF17A7A78A43A632800 /* MLXLMCommon */; };
		32329CA495B745DD19AFFE3E /* ErrorBanner.swift in Sources */ = {isa = PBXBuildFile; fileRef = 74822B6ECC14197B6E7B20A7 /* ErrorBanner.swift */; };
		33568A8086BCB63AE6EB09F4 /* StoryProviderAvailability.swift in Sources */ = {isa = PBXBuildFile; fileRef = BB35C2EFDE278A293924D347 /* StoryProviderAvailability.swift */; };
		39C5852D4ABE3D668D33EFC8 /* StoryJuicerGlassTokens.swift in Sources */ = {isa = PBXBuildFile; fileRef = 0465CDDABA6910466B3F2646 /* StoryJuicerGlassTokens.swift */; };
		4949141A6710E1533AB6C960 /* ImageGenerationRouter.swift in Sources */ = {isa = PBXBuildFile; fileRef = 5246ABE06972B5C77A831DB3 /* ImageGenerationRouter.swift */; };
		49EE7DA96B9AA6E5FCB33E69 /* HFTokenStore.swift in Sources */ = {isa = PBXBuildFile; fileRef = BF593C1CFC881B77EFDDB3E4 /* HFTokenStore.swift */; };
		4B7420B9F44B09A9628184C8 /* MLX in Frameworks */ = {isa = PBXBuildFile; productRef = 209F5F3FEA8C44CD485CA22E /* MLX */; };
		4BBA68D76AB25E49DB84BCB3 /* HuggingFace in Frameworks */ = {isa = PBXBuildFile; productRef = 56BD1749AB4AA12FCD2D824A /* HuggingFace */; };
		4C01022B379041F0B33704D3 /* SettingsPanelStyle.swift in Sources */ = {isa = PBXBuildFile; fileRef = 3A08484E7B5C9E4017487BA1 /* SettingsPanelStyle.swift */; };
		56291ACB29BF1B13AA0B5167 /* ErrorBanner.swift in Sources */ = {isa = PBXBuildFile; fileRef = 74822B6ECC14197B6E7B20A7 /* ErrorBanner.swift */; };
		56F10AC7D26C810FA11005F6 /* StoredStorybook.swift in Sources */ = {isa = PBXBuildFile; fileRef = FA764DAEB406284B91EC5362 /* StoredStorybook.swift */; };
		5861B5231254094B0B216128 /* CreationViewModel.swift in Sources */ = {isa = PBXBuildFile; fileRef = 6FCB01CC4AB458270D5F6677 /* CreationViewModel.swift */; };
		590D55E7019893856C7D38FD /* StoryGenerator.swift in Sources */ = {isa = PBXBuildFile; fileRef = 5078BE3DB7C1431918C6A34D /* StoryGenerator.swift */; };
		592562240C55F5E034D93AAE /* CloudCredentialStore.swift in Sources */ = {isa = PBXBuildFile; fileRef = 8ECF2D7D80B77CA03E4D3A0F /* CloudCredentialStore.swift */; };
		59ADD420FA69AFA7A3A98563 /* CloudTextGenerator.swift in Sources */ = {isa = PBXBuildFile; fileRef = 0748A0B67AF67A55367081F4 /* CloudTextGenerator.swift */; };
		5A698564F5443972F52A2362 /* StoryJuicerTypography.swift in Sources */ = {isa = PBXBuildFile; fileRef = D90202EB392C52E300E853EB /* StoryJuicerTypography.swift */; };
		5D0F19BA930009425D98FDBD /* StoredStorybook.swift in Sources */ = {isa = PBXBuildFile; fileRef = FA764DAEB406284B91EC5362 /* StoredStorybook.swift */; };
		61AA5C0ABF2E43B90E9B24B2 /* CloudProviderTypes.swift in Sources */ = {isa = PBXBuildFile; fileRef = 833044E6A26F1C94BCA9E828 /* CloudProviderTypes.swift */; };
		65331A857F513A05F5962ED5 /* GenerationDiagnosticsLogger.swift in Sources */ = {isa = PBXBuildFile; fileRef = 936FDCA097D737885BC90C26 /* GenerationDiagnosticsLogger.swift */; };
		6541B3D2021208036F12CC47 /* Hub in Frameworks */ = {isa = PBXBuildFile; productRef = 72ACF0DAF3844B98AD5475B1 /* Hub */; };
		66ACC963262796D865425286 /* StoryJuicerApp.swift in Sources */ = {isa = PBXBuildFile; fileRef = 43351E20815F852C215B5626 /* StoryJuicerApp.swift */; };
		67C30F38DBA26F2163D6E237 /* UnavailableOverlay.swift in Sources */ = {isa = PBXBuildFile; fileRef = 68BC2827D8BDC3B2326CAC54 /* UnavailableOverlay.swift */; };
		6C940AC88624DF762A4AC398 /* CloudTextGenerator.swift in Sources */ = {isa = PBXBuildFile; fileRef = 0748A0B67AF67A55367081F4 /* CloudTextGenerator.swift */; };
		6CAD55AB88592FF100D16D73 /* GenerationOptions+Defaults.swift in Sources */ = {isa = PBXBuildFile; fileRef = 680CD8C2A1ED317A976108CE /* GenerationOptions+Defaults.swift */; };
		6D1812EFDF6D02F32895EECA /* IOSGenerationProgressView.swift in Sources */ = {isa = PBXBuildFile; fileRef = 2AC3A2D703CF09D7C33FF5E3 /* IOSGenerationProgressView.swift */; };
		6E5D840AAD69D6F9B7EDD757 /* HuggingFaceOAuth.swift in Sources */ = {isa = PBXBuildFile; fileRef = 90F2379A8DBB93D6FB293FA0 /* HuggingFaceOAuth.swift */; };
		6EF47E20FFD7F1A7FA087A8D /* PlatformImage.swift in Sources */ = {isa = PBXBuildFile; fileRef = 6E6580FCF6472EC0B3E52EB7 /* PlatformImage.swift */; };
		714DAF53E2326C8164196BD2 /* StoryJuicerMotion.swift in Sources */ = {isa = PBXBuildFile; fileRef = 0FF014955DEF228F50D5F151 /* StoryJuicerMotion.swift */; };
		740B048B2CE23D57AAB88C7C /* ImagePlaygroundImageGenerator.swift in Sources */ = {isa = PBXBuildFile; fileRef = CCEB864278C29D1373AC1852 /* ImagePlaygroundImageGenerator.swift */; };
		75AF10B1A878F218B15028E2 /* CloudModelListCache.swift in Sources */ = {isa = PBXBuildFile; fileRef = A871C4631951986354971CD5 /* CloudModelListCache.swift */; };
		769CBF4A90A8EB457E497DDA /* StylePickerItem.swift in Sources */ = {isa = PBXBuildFile; fileRef = 2FB6660A103278FE9AD216B1 /* StylePickerItem.swift */; };
		76FC035C06A62F65BCB4809A /* ShortcutStoryRequest.swift in Sources */ = {isa = PBXBuildFile; fileRef = 9E2DA4A704ACD20890A75E01 /* ShortcutStoryRequest.swift */; };
		784464E0B265134B69F9E53E /* StoryDecoding.swift in Sources */ = {isa = PBXBuildFile; fileRef = 7C29E08E62D6BCBA33351BEC /* StoryDecoding.swift */; };
		7846D866FB000F011BE370E1 /* PageOverviewGrid.swift in Sources */ = {isa = PBXBuildFile; fileRef = AB5A8997F389AB790F6A8352 /* PageOverviewGrid.swift */; };
		79302D656F6A876A4595496F /* MacExportView.swift in Sources */ = {isa = PBXBuildFile; fileRef = 27E0E3AF372CED2742AF89E5 /* MacExportView.swift */; };
		7B56D7D0E4A711C20DF7A8D0 /* IllustrationStyle.swift in Sources */ = {isa = PBXBuildFile; fileRef = 71861F642FF205D2F34CD9E2 /* IllustrationStyle.swift */; };
		7C620596B2E4788C32EDE87F /* ModelSelectionStore.swift in Sources */ = {isa = PBXBuildFile; fileRef = 15625F965CAEE395998E6BE7 /* ModelSelectionStore.swift */; };
		7CD8D1B7229F74D7A1FC944B /* MLXLMCommon in Frameworks */ = {isa = PBXBuildFile; productRef = F0DCB1E8966E3860BD8193EC /* MLXLMCommon */; };
		7DF8C2E8C227FB7ADAFE7FA1 /* StoryPDFRenderer.swift in Sources */ = {isa = PBXBuildFile; fileRef = 3F63A4CCA685BFAC079B4446 /* StoryPDFRenderer.swift */; };
		7F45BBD79D078B78702721A8 /* View+StoryJuicerGlass.swift in Sources */ = {isa = PBXBuildFile; fileRef = 388CAFFCC4C96B0F61079E46 /* View+StoryJuicerGlass.swift */; };
		80A3CF32372E3FCD44D30307 /* StoryImageGenerating.swift in Sources */ = {isa = PBXBuildFile; fileRef = E4D496964D532F79FEC45D72 /* StoryImageGenerating.swift */; };
		8362BBE97D90C72DFFD73AF4 /* StoryTextGenerating.swift in Sources */ = {isa = PBXBuildFile; fileRef = 1AB224AE6213447F16CCCBA8 /* StoryTextGenerating.swift */; };
		83D5FA5D4E3907665291913F /* ImagePlaygroundImageGenerator.swift in Sources */ = {isa = PBXBuildFile; fileRef = CCEB864278C29D1373AC1852 /* ImagePlaygroundImageGenerator.swift */; };
		8AE3959EA0A4D09110DC407D /* StoryDecoding.swift in Sources */ = {isa = PBXBuildFile; fileRef = 7C29E08E62D6BCBA33351BEC /* StoryDecoding.swift */; };
		8B9E78E9DA5BEE8465595AD3 /* Color+Theme.swift in Sources */ = {isa = PBXBuildFile; fileRef = 3FFCE7F21A4B3E62A012235B /* Color+Theme.swift */; };
		8C0322332C7DC2CEA9EEEC3E /* RemoteStoryGenerator.swift in Sources */ = {isa = PBXBuildFile; fileRef = 3282FF0A1043D6610BC79A5D /* RemoteStoryGenerator.swift */; };
		8CDB10A92EBBC8910302233E /* MLXStoryGenerator.swift in Sources */ = {isa = PBXBuildFile; fileRef = BF65700DFAC74F08A0A709E0 /* MLXStoryGenerator.swift */; };
		8F8653D467A53BEE62A68122 /* IllustrationGenerator.swift in Sources */ = {isa = PBXBuildFile; fileRef = 806335BF66287A13E84B126E /* IllustrationGenerator.swift */; };
		9443A1610C9D282074BBA1AE /* IOSExportView.swift in Sources */ = {isa = PBXBuildFile; fileRef = 123C9A59D38C3D1103381BE4 /* IOSExportView.swift */; };
		9AE40FEE29EADEEA0F895C74 /* PageThumbnail.swift in Sources */ = {isa = PBXBuildFile; fileRef = 321E816D7962582FA44C8895 /* PageThumbnail.swift */; };
		9CBAF4F874C6D71C13F6FAE0 /* BookReaderViewModel.swift in Sources */ = {isa = PBXBuildFile; fileRef = 746E6C765E6AD016E52B07CA /* BookReaderViewModel.swift */; };
		9E7EE7F77259EBAA17CC7343 /* HuggingFaceOAuth.swift in Sources */ = {isa = PBXBuildFile; fileRef = 90F2379A8DBB93D6FB293FA0 /* HuggingFaceOAuth.swift */; };
		9F1268ACE356B6D6C6998CE0 /* PDFRenderer+macOS.swift in Sources */ = {isa = PBXBuildFile; fileRef = 0FCA3D85FCC974183116C224 /* PDFRenderer+macOS.swift */; };
		A0B5E42C7DDB2157487789C4 /* SettingsPanelStyle.swift in Sources */ = {isa = PBXBuildFile; fileRef = 3A08484E7B5C9E4017487BA1 /* SettingsPanelStyle.swift */; };
		A2035AD1A1D78558306100F9 /* GenerationProviderTypes.swift in Sources */ = {isa = PBXBuildFile; fileRef = C967AED9CB88B76FB2051F4B /* GenerationProviderTypes.swift */; };
		A439FD9613E08288070D1FAA /* View+StoryJuicerGlass.swift in Sources */ = {isa = PBXBuildFile; fileRef = 388CAFFCC4C96B0F61079E46 /* View+StoryJuicerGlass.swift */; };
		A6942CED2E88602EEE1B4891 /* BookFormat.swift in Sources */ = {isa = PBXBuildFile; fileRef = ECB6AF16AC58CC48BF5910CC /* BookFormat.swift */; };
		A6A5592BCC6E80232267F7A1 /* StoryJuicerTypography.swift in Sources */ = {isa = PBXBuildFile; fileRef = D90202EB392C52E300E853EB /* StoryJuicerTypography.swift */; };
		A85299B151D93CAE3E65C01F /* DiffusersImageGenerator.swift in Sources */ = {isa = PBXBuildFile; fileRef = 4BC9E7CEEDC8317C9BD36274 /* DiffusersImageGenerator.swift */; };
		A854CA86462C432AAE85F714 /* CloudProviderSettingsSection.swift in Sources */ = {isa = PBXBuildFile; fileRef = D7CA4CCF3DEA926328D6E97B /* CloudProviderSettingsSection.swift */; };
		B139845DE6913DC1CC9EDBC4 /* ModelSelectionStore.swift in Sources */ = {isa = PBXBuildFile; fileRef = 15625F965CAEE395998E6BE7 /* ModelSelectionStore.swift */; };
		B240415CD6B121C06918361B /* IllustrationPromptRewrite.swift in Sources */ = {isa = PBXBuildFile; fileRef = 197CF6F3F30AF70ADFB178EF /* IllustrationPromptRewrite.swift */; };
		B5C6D93790CBEE31C8AE7249 /* StoryProviderAvailability.swift in Sources */ = {isa = PBXBuildFile; fileRef = BB35C2EFDE278A293924D347 /* StoryProviderAvailability.swift */; };
		B9049F7C5DEF65C171D2791C /* StoryJuicerShortcuts.swift in Sources */ = {isa = PBXBuildFile; fileRef = E7F8698C2D9906288D23B8D3 /* StoryJuicerShortcuts.swift */; };
		BD19B308AF258F04D020C071 /* MacBookReaderView.swift in Sources */ = {isa = PBXBuildFile; fileRef = A830679AC95875528A1ADF9C /* MacBookReaderView.swift */; };
		BDC8E25A6488250808652BA6 /* PlatformImage.swift in Sources */ = {isa = PBXBuildFile; fileRef = 6E6580FCF6472EC0B3E52EB7 /* PlatformImage.swift */; };
		BF2BCB630074714E2A68BDC0 /* MLXStoryGenerator.swift in Sources */ = {isa = PBXBuildFile; fileRef = BF65700DFAC74F08A0A709E0 /* MLXStoryGenerator.swift */; };
		C28048FC1DF5E2748A2558B1 /* StoryTextGenerating.swift in Sources */ = {isa = PBXBuildFile; fileRef = 1AB224AE6213447F16CCCBA8 /* StoryTextGenerating.swift */; };
		C39428C86CE360CD5CF7BFF0 /* MacGenerationProgressView.swift in Sources */ = {isa = PBXBuildFile; fileRef = 127CED7EEDEEF7A928F41BA6 /* MacGenerationProgressView.swift */; };
		C4B5DCF66CBB4D814CAB784E /* DiffusersRuntimeManager.swift in Sources */ = {isa = PBXBuildFile; fileRef = 4C2BCBE6947A2A8722A408DF /* DiffusersRuntimeManager.swift */; };
		C669423423058C68E9E8144B /* Color+Theme.swift in Sources */ = {isa = PBXBuildFile; fileRef = 3FFCE7F21A4B3E62A012235B /* Color+Theme.swift */; };
		C6986622884F78159C3E4A81 /* CloudModelListCache.swift in Sources */ = {isa = PBXBuildFile; fileRef = A871C4631951986354971CD5 /* CloudModelListCache.swift */; };
		C8C617A75FE6031FC5946A5D /* SqueezeButton.swift in Sources */ = {isa = PBXBuildFile; fileRef = 337E19A50437FAAE88D08E4C /* SqueezeButton.swift */; };
		CB667C7BB2CD70B3CD2DD7F4 /* Sparkle in Frameworks */ = {isa = PBXBuildFile; productRef = 4AF472F5FF1C4ACD74B9D20D /* Sparkle */; };
		CD4A36ECAEC66B9F2DE2206A /* ContentSafetyPolicy.swift in Sources */ = {isa = PBXBuildFile; fileRef = 1713919CD5C0740D7D4CD440 /* ContentSafetyPolicy.swift */; };
		CD6FBE225A8102B70F0EB3CF /* StoryBook.swift in Sources */ = {isa = PBXBuildFile; fileRef = 65D9987C71EF8F7C8559112A /* StoryBook.swift */; };
		D19B94F6807692FD0FBBC55A /* StoryJuicerShortcuts.swift in Sources */ = {isa = PBXBuildFile; fileRef = E7F8698C2D9906288D23B8D3 /* StoryJuicerShortcuts.swift */; };
		D7BFD9E844449896B31280CD /* CreationViewModel.swift in Sources */ = {isa = PBXBuildFile; fileRef = 6FCB01CC4AB458270D5F6677 /* CreationViewModel.swift */; };
		DBEB3D501BA1F2AA4AFF26E8 /* Assets.xcassets in Resources */ = {isa = PBXBuildFile; fileRef = E1B4A08BFCA4ABD345BAEA42 /* Assets.xcassets */; };
		DF0C411FEC52347B436BC410 /* IllustrationPromptRewrite.swift in Sources */ = {isa = PBXBuildFile; fileRef = 197CF6F3F30AF70ADFB178EF /* IllustrationPromptRewrite.swift */; };
		E01831C5A152EB4A60F49A60 /* ShortcutStoryRequest.swift in Sources */ = {isa = PBXBuildFile; fileRef = 9E2DA4A704ACD20890A75E01 /* ShortcutStoryRequest.swift */; };
		E120FC6246EDBC37F1CBF6D7 /* IOSCreationView.swift in Sources */ = {isa = PBXBuildFile; fileRef = 4496C9989F0C21AA3ACB1696 /* IOSCreationView.swift */; };
		E2DD23E723D9B707EDF1F947 /* IOSBookReaderView.swift in Sources */ = {isa = PBXBuildFile; fileRef = 21B20A9AA613D7D4BAD76A9F /* IOSBookReaderView.swift */; };
		E9A84753B6E9BCCC384549F5 /* FormatPreviewCard.swift in Sources */ = {isa = PBXBuildFile; fileRef = 70A26FB75E213C902755B4D9 /* FormatPreviewCard.swift */; };
		EBD7AAFC17D623229E886FB9 /* CloudProviderLoginButton.swift in Sources */ = {isa = PBXBuildFile; fileRef = BC42050B7364D80F9B040398 /* CloudProviderLoginButton.swift */; };
		EC059E3ACF524812384E8821 /* IOSModelSettingsView.swift in Sources */ = {isa = PBXBuildFile; fileRef = 14385039495342D9C9B6A9BD /* IOSModelSettingsView.swift */; };
		EF5C18D1A6E271BF8D802682 /* UnavailableOverlay.swift in Sources */ = {isa = PBXBuildFile; fileRef = 68BC2827D8BDC3B2326CAC54 /* UnavailableOverlay.swift */; };
		F0BCB44A95397C325B6474AA /* PageOverviewGrid.swift in Sources */ = {isa = PBXBuildFile; fileRef = AB5A8997F389AB790F6A8352 /* PageOverviewGrid.swift */; };
		F15800E9BB0B890C4F1F1B81 /* StoryJuicerApp.swift in Sources */ = {isa = PBXBuildFile; fileRef = 43351E20815F852C215B5626 /* StoryJuicerApp.swift */; };
		F1D3DDDB8F4758A3163BD15A /* GenerationOptions+Defaults.swift in Sources */ = {isa = PBXBuildFile; fileRef = 680CD8C2A1ED317A976108CE /* GenerationOptions+Defaults.swift */; };
		F3A137F81B2FAD7C4BBE79BA /* CloudImageGenerator.swift in Sources */ = {isa = PBXBuildFile; fileRef = CD7B7AF295D56F299AAA3D7A /* CloudImageGenerator.swift */; };
		F5219188CEEC0175B7D150A8 /* BookFormat.swift in Sources */ = {isa = PBXBuildFile; fileRef = ECB6AF16AC58CC48BF5910CC /* BookFormat.swift */; };
		F75A130E18EFE43B33A16693 /* DiffusersRuntimeManager.swift in Sources */ = {isa = PBXBuildFile; fileRef = 4C2BCBE6947A2A8722A408DF /* DiffusersRuntimeManager.swift */; };
		F7AFF2503C7AE1C3A2919CF4 /* MacModelSettingsView.swift in Sources */ = {isa = PBXBuildFile; fileRef = 5CF46CFB4914AA7882B80C4E /* MacModelSettingsView.swift */; };
		F89BA71C370BB1518A980B21 /* PDFRendering.swift in Sources */ = {isa = PBXBuildFile; fileRef = B3841D780DBD2697D3E015A1 /* PDFRendering.swift */; };
		F8DCE239284E5AEB9A515FEF /* IllustrationStyle.swift in Sources */ = {isa = PBXBuildFile; fileRef = 71861F642FF205D2F34CD9E2 /* IllustrationStyle.swift */; };
		F93E5796C96AEE40AFB4A926 /* PageThumbnail.swift in Sources */ = {isa = PBXBuildFile; fileRef = 321E816D7962582FA44C8895 /* PageThumbnail.swift */; };
		FD207C8E92DBA4DA9EAA9003 /* CloudProviderLoginButton.swift in Sources */ = {isa = PBXBuildFile; fileRef = BC42050B7364D80F9B040398 /* CloudProviderLoginButton.swift */; };
		FDA4E3429469F4A0BD2A138B /* Diffusers in Resources */ = {isa = PBXBuildFile; fileRef = 3854BF67630506E8C597D081 /* Diffusers */; };
		FE992E7D2381C3868227B78A /* DiffusersImageGenerator.swift in Sources */ = {isa = PBXBuildFile; fileRef = 4BC9E7CEEDC8317C9BD36274 /* DiffusersImageGenerator.swift */; };
		FEAB8C4E2A2A9BAB1DF4A1CC /* IllustrationGenerator.swift in Sources */ = {isa = PBXBuildFile; fileRef = 806335BF66287A13E84B126E /* IllustrationGenerator.swift */; };
		FF0EA70920C9A5F0DAF67BAB /* StoryBook.swift in Sources */ = {isa = PBXBuildFile; fileRef = 65D9987C71EF8F7C8559112A /* StoryBook.swift */; };
/* End PBXBuildFile section */

/* Begin PBXFileReference section */
		0465CDDABA6910466B3F2646 /* StoryJuicerGlassTokens.swift */ = {isa = PBXFileReference; lastKnownFileType = sourcecode.swift; path = StoryJuicerGlassTokens.swift; sourceTree = "<group>"; };
		0748A0B67AF67A55367081F4 /* CloudTextGenerator.swift */ = {isa = PBXFileReference; lastKnownFileType = sourcecode.swift; path = CloudTextGenerator.swift; sourceTree = "<group>"; };
		0FCA3D85FCC974183116C224 /* PDFRenderer+macOS.swift */ = {isa = PBXFileReference; lastKnownFileType = sourcecode.swift; path = "PDFRenderer+macOS.swift"; sourceTree = "<group>"; };
		0FF014955DEF228F50D5F151 /* StoryJuicerMotion.swift */ = {isa = PBXFileReference; lastKnownFileType = sourcecode.swift; path = StoryJuicerMotion.swift; sourceTree = "<group>"; };
		123C9A59D38C3D1103381BE4 /* IOSExportView.swift */ = {isa = PBXFileReference; lastKnownFileType = sourcecode.swift; path = IOSExportView.swift; sourceTree = "<group>"; };
		127CED7EEDEEF7A928F41BA6 /* MacGenerationProgressView.swift */ = {isa = PBXFileReference; lastKnownFileType = sourcecode.swift; path = MacGenerationProgressView.swift; sourceTree = "<group>"; };
		14385039495342D9C9B6A9BD /* IOSModelSettingsView.swift */ = {isa = PBXFileReference; lastKnownFileType = sourcecode.swift; path = IOSModelSettingsView.swift; sourceTree = "<group>"; };
		15625F965CAEE395998E6BE7 /* ModelSelectionStore.swift */ = {isa = PBXFileReference; lastKnownFileType = sourcecode.swift; path = ModelSelectionStore.swift; sourceTree = "<group>"; };
		1713919CD5C0740D7D4CD440 /* ContentSafetyPolicy.swift */ = {isa = PBXFileReference; lastKnownFileType = sourcecode.swift; path = ContentSafetyPolicy.swift; sourceTree = "<group>"; };
		197CF6F3F30AF70ADFB178EF /* IllustrationPromptRewrite.swift */ = {isa = PBXFileReference; lastKnownFileType = sourcecode.swift; path = IllustrationPromptRewrite.swift; sourceTree = "<group>"; };
		1AB224AE6213447F16CCCBA8 /* StoryTextGenerating.swift */ = {isa = PBXFileReference; lastKnownFileType = sourcecode.swift; path = StoryTextGenerating.swift; sourceTree = "<group>"; };
		21B20A9AA613D7D4BAD76A9F /* IOSBookReaderView.swift */ = {isa = PBXFileReference; lastKnownFileType = sourcecode.swift; path = IOSBookReaderView.swift; sourceTree = "<group>"; };
		27E0E3AF372CED2742AF89E5 /* MacExportView.swift */ = {isa = PBXFileReference; lastKnownFileType = sourcecode.swift; path = MacExportView.swift; sourceTree = "<group>"; };
		28F8ABB8B50BD5FAEF54E149 /* StoryJuicer.app */ = {isa = PBXFileReference; explicitFileType = wrapper.application; includeInIndex = 0; path = StoryJuicer.app; sourceTree = BUILT_PRODUCTS_DIR; };
		2AC3A2D703CF09D7C33FF5E3 /* IOSGenerationProgressView.swift */ = {isa = PBXFileReference; lastKnownFileType = sourcecode.swift; path = IOSGenerationProgressView.swift; sourceTree = "<group>"; };
		2FB6660A103278FE9AD216B1 /* StylePickerItem.swift */ = {isa = PBXFileReference; lastKnownFileType = sourcecode.swift; path = StylePickerItem.swift; sourceTree = "<group>"; };
		321E816D7962582FA44C8895 /* PageThumbnail.swift */ = {isa = PBXFileReference; lastKnownFileType = sourcecode.swift; path = PageThumbnail.swift; sourceTree = "<group>"; };
		3282FF0A1043D6610BC79A5D /* RemoteStoryGenerator.swift */ = {isa = PBXFileReference; lastKnownFileType = sourcecode.swift; path = RemoteStoryGenerator.swift; sourceTree = "<group>"; };
		337E19A50437FAAE88D08E4C /* SqueezeButton.swift */ = {isa = PBXFileReference; lastKnownFileType = sourcecode.swift; path = SqueezeButton.swift; sourceTree = "<group>"; };
		3854BF67630506E8C597D081 /* Diffusers */ = {isa = PBXFileReference; lastKnownFileType = folder; name = Diffusers; path = Resources/Diffusers; sourceTree = SOURCE_ROOT; };
		388CAFFCC4C96B0F61079E46 /* View+StoryJuicerGlass.swift */ = {isa = PBXFileReference; lastKnownFileType = sourcecode.swift; path = "View+StoryJuicerGlass.swift"; sourceTree = "<group>"; };
		3A08484E7B5C9E4017487BA1 /* SettingsPanelStyle.swift */ = {isa = PBXFileReference; lastKnownFileType = sourcecode.swift; path = SettingsPanelStyle.swift; sourceTree = "<group>"; };
		3F63A4CCA685BFAC079B4446 /* StoryPDFRenderer.swift */ = {isa = PBXFileReference; lastKnownFileType = sourcecode.swift; path = StoryPDFRenderer.swift; sourceTree = "<group>"; };
		3FFCE7F21A4B3E62A012235B /* Color+Theme.swift */ = {isa = PBXFileReference; lastKnownFileType = sourcecode.swift; path = "Color+Theme.swift"; sourceTree = "<group>"; };
		43351E20815F852C215B5626 /* StoryJuicerApp.swift */ = {isa = PBXFileReference; lastKnownFileType = sourcecode.swift; path = StoryJuicerApp.swift; sourceTree = "<group>"; };
		4496C9989F0C21AA3ACB1696 /* IOSCreationView.swift */ = {isa = PBXFileReference; lastKnownFileType = sourcecode.swift; path = IOSCreationView.swift; sourceTree = "<group>"; };
		4BC9E7CEEDC8317C9BD36274 /* DiffusersImageGenerator.swift */ = {isa = PBXFileReference; lastKnownFileType = sourcecode.swift; path = DiffusersImageGenerator.swift; sourceTree = "<group>"; };
		4C2BCBE6947A2A8722A408DF /* DiffusersRuntimeManager.swift */ = {isa = PBXFileReference; lastKnownFileType = sourcecode.swift; path = DiffusersRuntimeManager.swift; sourceTree = "<group>"; };
		5078BE3DB7C1431918C6A34D /* StoryGenerator.swift */ = {isa = PBXFileReference; lastKnownFileType = sourcecode.swift; path = StoryGenerator.swift; sourceTree = "<group>"; };
		5246ABE06972B5C77A831DB3 /* ImageGenerationRouter.swift */ = {isa = PBXFileReference; lastKnownFileType = sourcecode.swift; path = ImageGenerationRouter.swift; sourceTree = "<group>"; };
		57C6DCF516BA7ED2115A951C /* OpenAICompatibleClient.swift */ = {isa = PBXFileReference; lastKnownFileType = sourcecode.swift; path = OpenAICompatibleClient.swift; sourceTree = "<group>"; };
		5CF46CFB4914AA7882B80C4E /* MacModelSettingsView.swift */ = {isa = PBXFileReference; lastKnownFileType = sourcecode.swift; path = MacModelSettingsView.swift; sourceTree = "<group>"; };
		65D9987C71EF8F7C8559112A /* StoryBook.swift */ = {isa = PBXFileReference; lastKnownFileType = sourcecode.swift; path = StoryBook.swift; sourceTree = "<group>"; };
		680CD8C2A1ED317A976108CE /* GenerationOptions+Defaults.swift */ = {isa = PBXFileReference; lastKnownFileType = sourcecode.swift; path = "GenerationOptions+Defaults.swift"; sourceTree = "<group>"; };
		68BC2827D8BDC3B2326CAC54 /* UnavailableOverlay.swift */ = {isa = PBXFileReference; lastKnownFileType = sourcecode.swift; path = UnavailableOverlay.swift; sourceTree = "<group>"; };
		6E6580FCF6472EC0B3E52EB7 /* PlatformImage.swift */ = {isa = PBXFileReference; lastKnownFileType = sourcecode.swift; path = PlatformImage.swift; sourceTree = "<group>"; };
		6FCB01CC4AB458270D5F6677 /* CreationViewModel.swift */ = {isa = PBXFileReference; lastKnownFileType = sourcecode.swift; path = CreationViewModel.swift; sourceTree = "<group>"; };
		70A26FB75E213C902755B4D9 /* FormatPreviewCard.swift */ = {isa = PBXFileReference; lastKnownFileType = sourcecode.swift; path = FormatPreviewCard.swift; sourceTree = "<group>"; };
		71861F642FF205D2F34CD9E2 /* IllustrationStyle.swift */ = {isa = PBXFileReference; lastKnownFileType = sourcecode.swift; path = IllustrationStyle.swift; sourceTree = "<group>"; };
		746E6C765E6AD016E52B07CA /* BookReaderViewModel.swift */ = {isa = PBXFileReference; lastKnownFileType = sourcecode.swift; path = BookReaderViewModel.swift; sourceTree = "<group>"; };
		74822B6ECC14197B6E7B20A7 /* ErrorBanner.swift */ = {isa = PBXFileReference; lastKnownFileType = sourcecode.swift; path = ErrorBanner.swift; sourceTree = "<group>"; };
		7C29E08E62D6BCBA33351BEC /* StoryDecoding.swift */ = {isa = PBXFileReference; lastKnownFileType = sourcecode.swift; path = StoryDecoding.swift; sourceTree = "<group>"; };
		806335BF66287A13E84B126E /* IllustrationGenerator.swift */ = {isa = PBXFileReference; lastKnownFileType = sourcecode.swift; path = IllustrationGenerator.swift; sourceTree = "<group>"; };
		833044E6A26F1C94BCA9E828 /* CloudProviderTypes.swift */ = {isa = PBXFileReference; lastKnownFileType = sourcecode.swift; path = CloudProviderTypes.swift; sourceTree = "<group>"; };
		83F0E8FEF92E7D35D917733B /* StoryPromptTemplates.swift */ = {isa = PBXFileReference; lastKnownFileType = sourcecode.swift; path = StoryPromptTemplates.swift; sourceTree = "<group>"; };
		8ECF2D7D80B77CA03E4D3A0F /* CloudCredentialStore.swift */ = {isa = PBXFileReference; lastKnownFileType = sourcecode.swift; path = CloudCredentialStore.swift; sourceTree = "<group>"; };
		90F2379A8DBB93D6FB293FA0 /* HuggingFaceOAuth.swift */ = {isa = PBXFileReference; lastKnownFileType = sourcecode.swift; path = HuggingFaceOAuth.swift; sourceTree = "<group>"; };
		936FDCA097D737885BC90C26 /* GenerationDiagnosticsLogger.swift */ = {isa = PBXFileReference; lastKnownFileType = sourcecode.swift; path = GenerationDiagnosticsLogger.swift; sourceTree = "<group>"; };
		9E2DA4A704ACD20890A75E01 /* ShortcutStoryRequest.swift */ = {isa = PBXFileReference; lastKnownFileType = sourcecode.swift; path = ShortcutStoryRequest.swift; sourceTree = "<group>"; };
		A04654598FF9E9B2E26FD112 /* MacCreationView.swift */ = {isa = PBXFileReference; lastKnownFileType = sourcecode.swift; path = MacCreationView.swift; sourceTree = "<group>"; };
		A7AF46EB88AE6E57FDD28E32 /* SoftwareUpdateManager.swift */ = {isa = PBXFileReference; lastKnownFileType = sourcecode.swift; path = SoftwareUpdateManager.swift; sourceTree = "<group>"; };
		A830679AC95875528A1ADF9C /* MacBookReaderView.swift */ = {isa = PBXFileReference; lastKnownFileType = sourcecode.swift; path = MacBookReaderView.swift; sourceTree = "<group>"; };
		A871C4631951986354971CD5 /* CloudModelListCache.swift */ = {isa = PBXFileReference; lastKnownFileType = sourcecode.swift; path = CloudModelListCache.swift; sourceTree = "<group>"; };
		AB5A8997F389AB790F6A8352 /* PageOverviewGrid.swift */ = {isa = PBXFileReference; lastKnownFileType = sourcecode.swift; path = PageOverviewGrid.swift; sourceTree = "<group>"; };
		B3841D780DBD2697D3E015A1 /* PDFRendering.swift */ = {isa = PBXFileReference; lastKnownFileType = sourcecode.swift; path = PDFRendering.swift; sourceTree = "<group>"; };
		BB35C2EFDE278A293924D347 /* StoryProviderAvailability.swift */ = {isa = PBXFileReference; lastKnownFileType = sourcecode.swift; path = StoryProviderAvailability.swift; sourceTree = "<group>"; };
		BC42050B7364D80F9B040398 /* CloudProviderLoginButton.swift */ = {isa = PBXFileReference; lastKnownFileType = sourcecode.swift; path = CloudProviderLoginButton.swift; sourceTree = "<group>"; };
		BF593C1CFC881B77EFDDB3E4 /* HFTokenStore.swift */ = {isa = PBXFileReference; lastKnownFileType = sourcecode.swift; path = HFTokenStore.swift; sourceTree = "<group>"; };
		BF65700DFAC74F08A0A709E0 /* MLXStoryGenerator.swift */ = {isa = PBXFileReference; lastKnownFileType = sourcecode.swift; path = MLXStoryGenerator.swift; sourceTree = "<group>"; };
		C967AED9CB88B76FB2051F4B /* GenerationProviderTypes.swift */ = {isa = PBXFileReference; lastKnownFileType = sourcecode.swift; path = GenerationProviderTypes.swift; sourceTree = "<group>"; };
		CCEB864278C29D1373AC1852 /* ImagePlaygroundImageGenerator.swift */ = {isa = PBXFileReference; lastKnownFileType = sourcecode.swift; path = ImagePlaygroundImageGenerator.swift; sourceTree = "<group>"; };
		CD7B7AF295D56F299AAA3D7A /* CloudImageGenerator.swift */ = {isa = PBXFileReference; lastKnownFileType = sourcecode.swift; path = CloudImageGenerator.swift; sourceTree = "<group>"; };
		D7CA4CCF3DEA926328D6E97B /* CloudProviderSettingsSection.swift */ = {isa = PBXFileReference; lastKnownFileType = sourcecode.swift; path = CloudProviderSettingsSection.swift; sourceTree = "<group>"; };
		D90202EB392C52E300E853EB /* StoryJuicerTypography.swift */ = {isa = PBXFileReference; lastKnownFileType = sourcecode.swift; path = StoryJuicerTypography.swift; sourceTree = "<group>"; };
		E1B4A08BFCA4ABD345BAEA42 /* Assets.xcassets */ = {isa = PBXFileReference; lastKnownFileType = folder.assetcatalog; path = Assets.xcassets; sourceTree = "<group>"; };
		E4D496964D532F79FEC45D72 /* StoryImageGenerating.swift */ = {isa = PBXFileReference; lastKnownFileType = sourcecode.swift; path = StoryImageGenerating.swift; sourceTree = "<group>"; };
		E7F8698C2D9906288D23B8D3 /* StoryJuicerShortcuts.swift */ = {isa = PBXFileReference; lastKnownFileType = sourcecode.swift; path = StoryJuicerShortcuts.swift; sourceTree = "<group>"; };
		EA7FE48F6E29698FBBE36F10 /* StoryJuicer-iOS.app */ = {isa = PBXFileReference; includeInIndex = 0; lastKnownFileType = wrapper.application; path = "StoryJuicer-iOS.app"; sourceTree = BUILT_PRODUCTS_DIR; };
		ECB6AF16AC58CC48BF5910CC /* BookFormat.swift */ = {isa = PBXFileReference; lastKnownFileType = sourcecode.swift; path = BookFormat.swift; sourceTree = "<group>"; };
		FA764DAEB406284B91EC5362 /* StoredStorybook.swift */ = {isa = PBXFileReference; lastKnownFileType = sourcecode.swift; path = StoredStorybook.swift; sourceTree = "<group>"; };
/* End PBXFileReference section */

/* Begin PBXFrameworksBuildPhase section */
		A15B69A2467E4683D4170359 /* Frameworks */ = {
			isa = PBXFrameworksBuildPhase;
			buildActionMask = 2147483647;
			files = (
				14037AB90EA2D4358884B713 /* MLX in Frameworks */,
				2C21DE169983037B471D84EF /* MLXLLM in Frameworks */,
				2E553588DFF61804B95637D3 /* MLXLMCommon in Frameworks */,
				6541B3D2021208036F12CC47 /* Hub in Frameworks */,
				4BBA68D76AB25E49DB84BCB3 /* HuggingFace in Frameworks */,
			);
			runOnlyForDeploymentPostprocessing = 0;
		};
		B5F04169FB8734B1D9DBC10F /* Frameworks */ = {
			isa = PBXFrameworksBuildPhase;
			buildActionMask = 2147483647;
			files = (
				4B7420B9F44B09A9628184C8 /* MLX in Frameworks */,
				179C9288F90EA30EF304FE9F /* MLXLLM in Frameworks */,
				7CD8D1B7229F74D7A1FC944B /* MLXLMCommon in Frameworks */,
				030FB849DAEB09307A6B1D59 /* Hub in Frameworks */,
				14440574A93F0A95B024D1C6 /* HuggingFace in Frameworks */,
				CB667C7BB2CD70B3CD2DD7F4 /* Sparkle in Frameworks */,
			);
			runOnlyForDeploymentPostprocessing = 0;
		};
/* End PBXFrameworksBuildPhase section */

/* Begin PBXGroup section */
		144D8534CB33AD3AD5955971 /* Views */ = {
			isa = PBXGroup;
			children = (
				FE1C6046D1551CFB2AF7B86C /* Components */,
			);
			path = Views;
			sourceTree = "<group>";
		};
		2B3660594241F1383468A1DE /* Resources */ = {
			isa = PBXGroup;
			children = (
				E1B4A08BFCA4ABD345BAEA42 /* Assets.xcassets */,
			);
			path = Resources;
			sourceTree = "<group>";
		};
		732D5C7F7B8D31739E7162EA /* macOS */ = {
			isa = PBXGroup;
			children = (
				0FCA3D85FCC974183116C224 /* PDFRenderer+macOS.swift */,
				A7AF46EB88AE6E57FDD28E32 /* SoftwareUpdateManager.swift */,
				9AACD003946557562F2A6642 /* Views */,
			);
			path = macOS;
			sourceTree = "<group>";
		};
		7E6B068E1ABC535D09E21DFA /* ViewModels */ = {
			isa = PBXGroup;
			children = (
				746E6C765E6AD016E52B07CA /* BookReaderViewModel.swift */,
				6FCB01CC4AB458270D5F6677 /* CreationViewModel.swift */,
			);
			path = ViewModels;
			sourceTree = "<group>";
		};
		7ED8B473BAC5B4AEC4D68DEB = {
			isa = PBXGroup;
			children = (
				3854BF67630506E8C597D081 /* Diffusers */,
				43351E20815F852C215B5626 /* StoryJuicerApp.swift */,
				CE18E0737BC1C15336AC4636 /* iOS */,
				732D5C7F7B8D31739E7162EA /* macOS */,
				2B3660594241F1383468A1DE /* Resources */,
				F6859C9F4C920A8774B2E64C /* Shared */,
				B3BAD220C6465E78742AAE5A /* Products */,
			);
			sourceTree = "<group>";
		};
		9AACD003946557562F2A6642 /* Views */ = {
			isa = PBXGroup;
			children = (
				A830679AC95875528A1ADF9C /* MacBookReaderView.swift */,
				A04654598FF9E9B2E26FD112 /* MacCreationView.swift */,
				27E0E3AF372CED2742AF89E5 /* MacExportView.swift */,
				127CED7EEDEEF7A928F41BA6 /* MacGenerationProgressView.swift */,
				5CF46CFB4914AA7882B80C4E /* MacModelSettingsView.swift */,
			);
			path = Views;
			sourceTree = "<group>";
		};
		AA42EA6E47237E65A4AB3F2D /* Views */ = {
			isa = PBXGroup;
			children = (
				21B20A9AA613D7D4BAD76A9F /* IOSBookReaderView.swift */,
				4496C9989F0C21AA3ACB1696 /* IOSCreationView.swift */,
				123C9A59D38C3D1103381BE4 /* IOSExportView.swift */,
				2AC3A2D703CF09D7C33FF5E3 /* IOSGenerationProgressView.swift */,
				14385039495342D9C9B6A9BD /* IOSModelSettingsView.swift */,
			);
			path = Views;
			sourceTree = "<group>";
		};
		B234297BCF89F9C5B01A487D /* Models */ = {
			isa = PBXGroup;
			children = (
				ECB6AF16AC58CC48BF5910CC /* BookFormat.swift */,
				197CF6F3F30AF70ADFB178EF /* IllustrationPromptRewrite.swift */,
				71861F642FF205D2F34CD9E2 /* IllustrationStyle.swift */,
				FA764DAEB406284B91EC5362 /* StoredStorybook.swift */,
				65D9987C71EF8F7C8559112A /* StoryBook.swift */,
			);
			path = Models;
			sourceTree = "<group>";
		};
		B3BAD220C6465E78742AAE5A /* Products */ = {
			isa = PBXGroup;
			children = (
				EA7FE48F6E29698FBBE36F10 /* StoryJuicer-iOS.app */,
				28F8ABB8B50BD5FAEF54E149 /* StoryJuicer.app */,
			);
			name = Products;
			sourceTree = "<group>";
		};
		BBCDE68407A8159D0FB5A287 /* Generation */ = {
			isa = PBXGroup;
			children = (
				CD7B7AF295D56F299AAA3D7A /* CloudImageGenerator.swift */,
				833044E6A26F1C94BCA9E828 /* CloudProviderTypes.swift */,
				0748A0B67AF67A55367081F4 /* CloudTextGenerator.swift */,
				4BC9E7CEEDC8317C9BD36274 /* DiffusersImageGenerator.swift */,
				C967AED9CB88B76FB2051F4B /* GenerationProviderTypes.swift */,
				806335BF66287A13E84B126E /* IllustrationGenerator.swift */,
				5246ABE06972B5C77A831DB3 /* ImageGenerationRouter.swift */,
				CCEB864278C29D1373AC1852 /* ImagePlaygroundImageGenerator.swift */,
				BF65700DFAC74F08A0A709E0 /* MLXStoryGenerator.swift */,
				57C6DCF516BA7ED2115A951C /* OpenAICompatibleClient.swift */,
				B3841D780DBD2697D3E015A1 /* PDFRendering.swift */,
				3282FF0A1043D6610BC79A5D /* RemoteStoryGenerator.swift */,
				7C29E08E62D6BCBA33351BEC /* StoryDecoding.swift */,
				5078BE3DB7C1431918C6A34D /* StoryGenerator.swift */,
				E4D496964D532F79FEC45D72 /* StoryImageGenerating.swift */,
				3F63A4CCA685BFAC079B4446 /* StoryPDFRenderer.swift */,
				83F0E8FEF92E7D35D917733B /* StoryPromptTemplates.swift */,
				BB35C2EFDE278A293924D347 /* StoryProviderAvailability.swift */,
				1AB224AE6213447F16CCCBA8 /* StoryTextGenerating.swift */,
			);
			path = Generation;
			sourceTree = "<group>";
		};
		CE18E0737BC1C15336AC4636 /* iOS */ = {
			isa = PBXGroup;
			children = (
				AA42EA6E47237E65A4AB3F2D /* Views */,
			);
			path = iOS;
			sourceTree = "<group>";
		};
		F3DEFC21141CACFC4E6F5AC5 /* Utilities */ = {
			isa = PBXGroup;
			children = (
				8ECF2D7D80B77CA03E4D3A0F /* CloudCredentialStore.swift */,
				A871C4631951986354971CD5 /* CloudModelListCache.swift */,
				1713919CD5C0740D7D4CD440 /* ContentSafetyPolicy.swift */,
				4C2BCBE6947A2A8722A408DF /* DiffusersRuntimeManager.swift */,
				936FDCA097D737885BC90C26 /* GenerationDiagnosticsLogger.swift */,
				680CD8C2A1ED317A976108CE /* GenerationOptions+Defaults.swift */,
				BF593C1CFC881B77EFDDB3E4 /* HFTokenStore.swift */,
				90F2379A8DBB93D6FB293FA0 /* HuggingFaceOAuth.swift */,
				15625F965CAEE395998E6BE7 /* ModelSelectionStore.swift */,
				6E6580FCF6472EC0B3E52EB7 /* PlatformImage.swift */,
				9E2DA4A704ACD20890A75E01 /* ShortcutStoryRequest.swift */,
				E7F8698C2D9906288D23B8D3 /* StoryJuicerShortcuts.swift */,
			);
			path = Utilities;
			sourceTree = "<group>";
		};
		F6859C9F4C920A8774B2E64C /* Shared */ = {
			isa = PBXGroup;
			children = (
				BBCDE68407A8159D0FB5A287 /* Generation */,
				B234297BCF89F9C5B01A487D /* Models */,
				F3DEFC21141CACFC4E6F5AC5 /* Utilities */,
				7E6B068E1ABC535D09E21DFA /* ViewModels */,
				144D8534CB33AD3AD5955971 /* Views */,
			);
			path = Shared;
			sourceTree = "<group>";
		};
		FE1C6046D1551CFB2AF7B86C /* Components */ = {
			isa = PBXGroup;
			children = (
				BC42050B7364D80F9B040398 /* CloudProviderLoginButton.swift */,
				D7CA4CCF3DEA926328D6E97B /* CloudProviderSettingsSection.swift */,
				3FFCE7F21A4B3E62A012235B /* Color+Theme.swift */,
				74822B6ECC14197B6E7B20A7 /* ErrorBanner.swift */,
				70A26FB75E213C902755B4D9 /* FormatPreviewCard.swift */,
				AB5A8997F389AB790F6A8352 /* PageOverviewGrid.swift */,
				321E816D7962582FA44C8895 /* PageThumbnail.swift */,
				3A08484E7B5C9E4017487BA1 /* SettingsPanelStyle.swift */,
				337E19A50437FAAE88D08E4C /* SqueezeButton.swift */,
				0465CDDABA6910466B3F2646 /* StoryJuicerGlassTokens.swift */,
				0FF014955DEF228F50D5F151 /* StoryJuicerMotion.swift */,
				D90202EB392C52E300E853EB /* StoryJuicerTypography.swift */,
				2FB6660A103278FE9AD216B1 /* StylePickerItem.swift */,
				68BC2827D8BDC3B2326CAC54 /* UnavailableOverlay.swift */,
				388CAFFCC4C96B0F61079E46 /* View+StoryJuicerGlass.swift */,
			);
			path = Components;
			sourceTree = "<group>";
		};
/* End PBXGroup section */

/* Begin PBXNativeTarget section */
		19C1E8641252F1F99B5B36C5 /* StoryJuicer */ = {
			isa = PBXNativeTarget;
			buildConfigurationList = 0D68269FBB4CC7D6DBF6824C /* Build configuration list for PBXNativeTarget "StoryJuicer" */;
			buildPhases = (
				95BED0B2F161C8FA4C7727BD /* Sources */,
				55FE45C45DD5E020106D68F2 /* Resources */,
				B5F04169FB8734B1D9DBC10F /* Frameworks */,
			);
			buildRules = (
			);
			dependencies = (
			);
			name = StoryJuicer;
			packageProductDependencies = (
				209F5F3FEA8C44CD485CA22E /* MLX */,
				31625B913AB44197A3366AED /* MLXLLM */,
				F0DCB1E8966E3860BD8193EC /* MLXLMCommon */,
				C52BB850C95829BC1F9593FF /* Hub */,
				E92E4631F6854743E6BFB04B /* HuggingFace */,
				4AF472F5FF1C4ACD74B9D20D /* Sparkle */,
			);
			productName = StoryJuicer;
			productReference = 28F8ABB8B50BD5FAEF54E149 /* StoryJuicer.app */;
			productType = "com.apple.product-type.application";
		};
		2E227541CCE11E8B502F44A6 /* StoryJuicer-iOS */ = {
			isa = PBXNativeTarget;
			buildConfigurationList = D78F79B97D9258827748D5DB /* Build configuration list for PBXNativeTarget "StoryJuicer-iOS" */;
			buildPhases = (
				F4FD3B3F58933B5A1783B49B /* Sources */,
				861736933FAE30C878993817 /* Resources */,
				A15B69A2467E4683D4170359 /* Frameworks */,
			);
			buildRules = (
			);
			dependencies = (
			);
			name = "StoryJuicer-iOS";
			packageProductDependencies = (
				C85C7AE35DE49A94DAEE7578 /* MLX */,
				AFC046BB7D2D17CCE55CD262 /* MLXLLM */,
				A4627FF17A7A78A43A632800 /* MLXLMCommon */,
				72ACF0DAF3844B98AD5475B1 /* Hub */,
				56BD1749AB4AA12FCD2D824A /* HuggingFace */,
			);
			productName = "StoryJuicer-iOS";
			productReference = EA7FE48F6E29698FBBE36F10 /* StoryJuicer-iOS.app */;
			productType = "com.apple.product-type.application";
		};
/* End PBXNativeTarget section */

/* Begin PBXProject section */
		E8DDE17B1920D0E604579629 /* Project object */ = {
			isa = PBXProject;
			attributes = {
				BuildIndependentTargetsInParallel = YES;
				LastUpgradeCheck = 2600;
			};
			buildConfigurationList = E6B96B163395F8A0DFE00968 /* Build configuration list for PBXProject "StoryJuicer" */;
			compatibilityVersion = "Xcode 14.0";
			developmentRegion = en;
			hasScannedForEncodings = 0;
			knownRegions = (
				Base,
				en,
			);
			mainGroup = 7ED8B473BAC5B4AEC4D68DEB;
			minimizedProjectReferenceProxies = 1;
			packageReferences = (
				87DE56C7D35DA27540F687F7 /* XCRemoteSwiftPackageReference "mlx-swift" */,
				328A37549FD39E2D5EA2C9E9 /* XCRemoteSwiftPackageReference "mlx-swift-lm" */,
				D9958986D14C2C8422FC9463 /* XCRemoteSwiftPackageReference "Sparkle" */,
				B1B58F58C898675079F8A17A /* XCRemoteSwiftPackageReference "swift-huggingface" */,
				E25C18034DE18BFFACFBA8E1 /* XCRemoteSwiftPackageReference "swift-transformers" */,
			);
			preferredProjectObjectVersion = 77;
			projectDirPath = "";
			projectRoot = "";
			targets = (
				19C1E8641252F1F99B5B36C5 /* StoryJuicer */,
				2E227541CCE11E8B502F44A6 /* StoryJuicer-iOS */,
			);
		};
/* End PBXProject section */

/* Begin PBXResourcesBuildPhase section */
		55FE45C45DD5E020106D68F2 /* Resources */ = {
			isa = PBXResourcesBuildPhase;
			buildActionMask = 2147483647;
			files = (
				22BC8C342CBC633940835053 /* Assets.xcassets in Resources */,
				FDA4E3429469F4A0BD2A138B /* Diffusers in Resources */,
			);
			runOnlyForDeploymentPostprocessing = 0;
		};
		861736933FAE30C878993817 /* Resources */ = {
			isa = PBXResourcesBuildPhase;
			buildActionMask = 2147483647;
			files = (
				DBEB3D501BA1F2AA4AFF26E8 /* Assets.xcassets in Resources */,
			);
			runOnlyForDeploymentPostprocessing = 0;
		};
/* End PBXResourcesBuildPhase section */

/* Begin PBXSourcesBuildPhase section */
		95BED0B2F161C8FA4C7727BD /* Sources */ = {
			isa = PBXSourcesBuildPhase;
			buildActionMask = 2147483647;
			files = (
				F5219188CEEC0175B7D150A8 /* BookFormat.swift in Sources */,
				29FA6CF0E1601193715097E1 /* BookReaderViewModel.swift in Sources */,
				592562240C55F5E034D93AAE /* CloudCredentialStore.swift in Sources */,
				0DC232DECBFB609512DDF498 /* CloudImageGenerator.swift in Sources */,
				75AF10B1A878F218B15028E2 /* CloudModelListCache.swift in Sources */,
				FD207C8E92DBA4DA9EAA9003 /* CloudProviderLoginButton.swift in Sources */,
				08C4B09F88243EE020A95E55 /* CloudProviderSettingsSection.swift in Sources */,
				61AA5C0ABF2E43B90E9B24B2 /* CloudProviderTypes.swift in Sources */,
				59ADD420FA69AFA7A3A98563 /* CloudTextGenerator.swift in Sources */,
				8B9E78E9DA5BEE8465595AD3 /* Color+Theme.swift in Sources */,
				13515323939A3C2160369485 /* ContentSafetyPolicy.swift in Sources */,
				5861B5231254094B0B216128 /* CreationViewModel.swift in Sources */,
				A85299B151D93CAE3E65C01F /* DiffusersImageGenerator.swift in Sources */,
				F75A130E18EFE43B33A16693 /* DiffusersRuntimeManager.swift in Sources */,
				32329CA495B745DD19AFFE3E /* ErrorBanner.swift in Sources */,
				E9A84753B6E9BCCC384549F5 /* FormatPreviewCard.swift in Sources */,
				65331A857F513A05F5962ED5 /* GenerationDiagnosticsLogger.swift in Sources */,
				6CAD55AB88592FF100D16D73 /* GenerationOptions+Defaults.swift in Sources */,
				A2035AD1A1D78558306100F9 /* GenerationProviderTypes.swift in Sources */,
				06E5582CD44D114BFB1D207A /* HFTokenStore.swift in Sources */,
				6E5D840AAD69D6F9B7EDD757 /* HuggingFaceOAuth.swift in Sources */,
				FEAB8C4E2A2A9BAB1DF4A1CC /* IllustrationGenerator.swift in Sources */,
				DF0C411FEC52347B436BC410 /* IllustrationPromptRewrite.swift in Sources */,
				7B56D7D0E4A711C20DF7A8D0 /* IllustrationStyle.swift in Sources */,
				4949141A6710E1533AB6C960 /* ImageGenerationRouter.swift in Sources */,
				83D5FA5D4E3907665291913F /* ImagePlaygroundImageGenerator.swift in Sources */,
				BF2BCB630074714E2A68BDC0 /* MLXStoryGenerator.swift in Sources */,
				BD19B308AF258F04D020C071 /* MacBookReaderView.swift in Sources */,
				13C5EC0754FED110E7FB2DCD /* MacCreationView.swift in Sources */,
				79302D656F6A876A4595496F /* MacExportView.swift in Sources */,
				C39428C86CE360CD5CF7BFF0 /* MacGenerationProgressView.swift in Sources */,
				F7AFF2503C7AE1C3A2919CF4 /* MacModelSettingsView.swift in Sources */,
				B139845DE6913DC1CC9EDBC4 /* ModelSelectionStore.swift in Sources */,
				142EC4EC1A41227994C18EFD /* OpenAICompatibleClient.swift in Sources */,
				9F1268ACE356B6D6C6998CE0 /* PDFRenderer+macOS.swift in Sources */,
				F89BA71C370BB1518A980B21 /* PDFRendering.swift in Sources */,
				7846D866FB000F011BE370E1 /* PageOverviewGrid.swift in Sources */,
				9AE40FEE29EADEEA0F895C74 /* PageThumbnail.swift in Sources */,
				6EF47E20FFD7F1A7FA087A8D /* PlatformImage.swift in Sources */,
				8C0322332C7DC2CEA9EEEC3E /* RemoteStoryGenerator.swift in Sources */,
				4C01022B379041F0B33704D3 /* SettingsPanelStyle.swift in Sources */,
				76FC035C06A62F65BCB4809A /* ShortcutStoryRequest.swift in Sources */,
				0ECE826FB41DE7BE26620922 /* SoftwareUpdateManager.swift in Sources */,
				C8C617A75FE6031FC5946A5D /* SqueezeButton.swift in Sources */,
				56F10AC7D26C810FA11005F6 /* StoredStorybook.swift in Sources */,
				FF0EA70920C9A5F0DAF67BAB /* StoryBook.swift in Sources */,
				784464E0B265134B69F9E53E /* StoryDecoding.swift in Sources */,
				590D55E7019893856C7D38FD /* StoryGenerator.swift in Sources */,
				22DFF80FBFE7655F815184F9 /* StoryImageGenerating.swift in Sources */,
				66ACC963262796D865425286 /* StoryJuicerApp.swift in Sources */,
				39C5852D4ABE3D668D33EFC8 /* StoryJuicerGlassTokens.swift in Sources */,
				714DAF53E2326C8164196BD2 /* StoryJuicerMotion.swift in Sources */,
				D19B94F6807692FD0FBBC55A /* StoryJuicerShortcuts.swift in Sources */,
				5A698564F5443972F52A2362 /* StoryJuicerTypography.swift in Sources */,
				193D9B73D8C6EAFAF7178030 /* StoryPDFRenderer.swift in Sources */,
				03B7FCDDA981DB284AF52442 /* StoryPromptTemplates.swift in Sources */,
				B5C6D93790CBEE31C8AE7249 /* StoryProviderAvailability.swift in Sources */,
				8362BBE97D90C72DFFD73AF4 /* StoryTextGenerating.swift in Sources */,
				17FA8401DFE98506B4A874C2 /* StylePickerItem.swift in Sources */,
				67C30F38DBA26F2163D6E237 /* UnavailableOverlay.swift in Sources */,
				A439FD9613E08288070D1FAA /* View+StoryJuicerGlass.swift in Sources */,
			);
			runOnlyForDeploymentPostprocessing = 0;
		};
		F4FD3B3F58933B5A1783B49B /* Sources */ = {
			isa = PBXSourcesBuildPhase;
			buildActionMask = 2147483647;
			files = (
				A6942CED2E88602EEE1B4891 /* BookFormat.swift in Sources */,
				9CBAF4F874C6D71C13F6FAE0 /* BookReaderViewModel.swift in Sources */,
				187E32B8BACA89A85A1AB222 /* CloudCredentialStore.swift in Sources */,
				F3A137F81B2FAD7C4BBE79BA /* CloudImageGenerator.swift in Sources */,
				C6986622884F78159C3E4A81 /* CloudModelListCache.swift in Sources */,
				EBD7AAFC17D623229E886FB9 /* CloudProviderLoginButton.swift in Sources */,
				A854CA86462C432AAE85F714 /* CloudProviderSettingsSection.swift in Sources */,
				28F45A0271E376E04C07181C /* CloudProviderTypes.swift in Sources */,
				6C940AC88624DF762A4AC398 /* CloudTextGenerator.swift in Sources */,
				C669423423058C68E9E8144B /* Color+Theme.swift in Sources */,
				CD4A36ECAEC66B9F2DE2206A /* ContentSafetyPolicy.swift in Sources */,
				D7BFD9E844449896B31280CD /* CreationViewModel.swift in Sources */,
				FE992E7D2381C3868227B78A /* DiffusersImageGenerator.swift in Sources */,
				C4B5DCF66CBB4D814CAB784E /* DiffusersRuntimeManager.swift in Sources */,
				56291ACB29BF1B13AA0B5167 /* ErrorBanner.swift in Sources */,
				1D05F6063A1925E4DCAB5EA6 /* FormatPreviewCard.swift in Sources */,
				1AF58CAB741F8D851CF51A1F /* GenerationDiagnosticsLogger.swift in Sources */,
				F1D3DDDB8F4758A3163BD15A /* GenerationOptions+Defaults.swift in Sources */,
				20C49A4B1098079D6A0744A2 /* GenerationProviderTypes.swift in Sources */,
				49EE7DA96B9AA6E5FCB33E69 /* HFTokenStore.swift in Sources */,
				9E7EE7F77259EBAA17CC7343 /* HuggingFaceOAuth.swift in Sources */,
				E2DD23E723D9B707EDF1F947 /* IOSBookReaderView.swift in Sources */,
				E120FC6246EDBC37F1CBF6D7 /* IOSCreationView.swift in Sources */,
				9443A1610C9D282074BBA1AE /* IOSExportView.swift in Sources */,
				6D1812EFDF6D02F32895EECA /* IOSGenerationProgressView.swift in Sources */,
				EC059E3ACF524812384E8821 /* IOSModelSettingsView.swift in Sources */,
				8F8653D467A53BEE62A68122 /* IllustrationGenerator.swift in Sources */,
				B240415CD6B121C06918361B /* IllustrationPromptRewrite.swift in Sources */,
				F8DCE239284E5AEB9A515FEF /* IllustrationStyle.swift in Sources */,
				0570E6234B7DBFDE8D1F484F /* ImageGenerationRouter.swift in Sources */,
				740B048B2CE23D57AAB88C7C /* ImagePlaygroundImageGenerator.swift in Sources */,
				8CDB10A92EBBC8910302233E /* MLXStoryGenerator.swift in Sources */,
				7C620596B2E4788C32EDE87F /* ModelSelectionStore.swift in Sources */,
				228BD1BA1C7A36DBC8E739BF /* OpenAICompatibleClient.swift in Sources */,
				1A6BF09C36340F254BD0BA25 /* PDFRendering.swift in Sources */,
				F0BCB44A95397C325B6474AA /* PageOverviewGrid.swift in Sources */,
				F93E5796C96AEE40AFB4A926 /* PageThumbnail.swift in Sources */,
				BDC8E25A6488250808652BA6 /* PlatformImage.swift in Sources */,
				069A686A8A1B53627C573CE8 /* RemoteStoryGenerator.swift in Sources */,
				A0B5E42C7DDB2157487789C4 /* SettingsPanelStyle.swift in Sources */,
				E01831C5A152EB4A60F49A60 /* ShortcutStoryRequest.swift in Sources */,
				27E1B7E2216026405CAD0E65 /* SqueezeButton.swift in Sources */,
				5D0F19BA930009425D98FDBD /* StoredStorybook.swift in Sources */,
				CD6FBE225A8102B70F0EB3CF /* StoryBook.swift in Sources */,
				8AE3959EA0A4D09110DC407D /* StoryDecoding.swift in Sources */,
				11F9BDD15C4E659575D07197 /* StoryGenerator.swift in Sources */,
				80A3CF32372E3FCD44D30307 /* StoryImageGenerating.swift in Sources */,
				F15800E9BB0B890C4F1F1B81 /* StoryJuicerApp.swift in Sources */,
				036CD056C578AD624A0D567D /* StoryJuicerGlassTokens.swift in Sources */,
				265B6241D951BA7F00C01C92 /* StoryJuicerMotion.swift in Sources */,
				B9049F7C5DEF65C171D2791C /* StoryJuicerShortcuts.swift in Sources */,
				A6A5592BCC6E80232267F7A1 /* StoryJuicerTypography.swift in Sources */,
				7DF8C2E8C227FB7ADAFE7FA1 /* StoryPDFRenderer.swift in Sources */,
				0DE68655D3733D3FC01C2DBF /* StoryPromptTemplates.swift in Sources */,
				33568A8086BCB63AE6EB09F4 /* StoryProviderAvailability.swift in Sources */,
				C28048FC1DF5E2748A2558B1 /* StoryTextGenerating.swift in Sources */,
				769CBF4A90A8EB457E497DDA /* StylePickerItem.swift in Sources */,
				EF5C18D1A6E271BF8D802682 /* UnavailableOverlay.swift in Sources */,
				7F45BBD79D078B78702721A8 /* View+StoryJuicerGlass.swift in Sources */,
			);
			runOnlyForDeploymentPostprocessing = 0;
		};
/* End PBXSourcesBuildPhase section */

/* Begin XCBuildConfiguration section */
		470D5BAB404B1565D3DD078C /* Debug */ = {
			isa = XCBuildConfiguration;
			buildSettings = {
				ASSETCATALOG_COMPILER_APPICON_NAME = AppIcon;
				CODE_SIGN_ENTITLEMENTS = "Resources/StoryJuicer-iOS.entitlements";
				CODE_SIGN_IDENTITY = "iPhone Developer";
				CURRENT_PROJECT_VERSION = 1;
				GENERATE_INFOPLIST_FILE = YES;
				INFOPLIST_GENERATION_MODE = GeneratedFile;
				INFOPLIST_KEY_CFBundleURLTypes = "<array><dict> <key>CFBundleURLName</key><string>com.jakerains.StoryJuicer.oauth</string> <key>CFBundleURLSchemes</key><array><string>storyjuicer</string></array> </dict></array>";
				INFOPLIST_KEY_UILaunchScreen_Generation = YES;
				INFOPLIST_KEY_UISupportedInterfaceOrientations_iPad = "UIInterfaceOrientationPortrait UIInterfaceOrientationPortraitUpsideDown UIInterfaceOrientationLandscapeLeft UIInterfaceOrientationLandscapeRight";
				INFOPLIST_KEY_UISupportedInterfaceOrientations_iPhone = "UIInterfaceOrientationPortrait UIInterfaceOrientationLandscapeLeft UIInterfaceOrientationLandscapeRight";
				LD_RUNPATH_SEARCH_PATHS = (
					"$(inherited)",
					"@executable_path/Frameworks",
				);
				MARKETING_VERSION = 1.0;
				PRODUCT_BUNDLE_IDENTIFIER = com.jakerains.StoryJuicer;
				PRODUCT_NAME = StoryJuicer;
				SDKROOT = iphoneos;
				SWIFT_STRICT_CONCURRENCY = complete;
				TARGETED_DEVICE_FAMILY = "1,2";
			};
			name = Debug;
		};
		56D83278C3A8AA4971FCDCD3 /* Debug */ = {
			isa = XCBuildConfiguration;
			buildSettings = {
				ALWAYS_SEARCH_USER_PATHS = NO;
				CLANG_ANALYZER_NONNULL = YES;
				CLANG_ANALYZER_NUMBER_OBJECT_CONVERSION = YES_AGGRESSIVE;
				CLANG_CXX_LANGUAGE_STANDARD = "gnu++14";
				CLANG_CXX_LIBRARY = "libc++";
				CLANG_ENABLE_MODULES = YES;
				CLANG_ENABLE_OBJC_ARC = YES;
				CLANG_ENABLE_OBJC_WEAK = YES;
				CLANG_WARN_BLOCK_CAPTURE_AUTORELEASING = YES;
				CLANG_WARN_BOOL_CONVERSION = YES;
				CLANG_WARN_COMMA = YES;
				CLANG_WARN_CONSTANT_CONVERSION = YES;
				CLANG_WARN_DEPRECATED_OBJC_IMPLEMENTATIONS = YES;
				CLANG_WARN_DIRECT_OBJC_ISA_USAGE = YES_ERROR;
				CLANG_WARN_DOCUMENTATION_COMMENTS = YES;
				CLANG_WARN_EMPTY_BODY = YES;
				CLANG_WARN_ENUM_CONVERSION = YES;
				CLANG_WARN_INFINITE_RECURSION = YES;
				CLANG_WARN_INT_CONVERSION = YES;
				CLANG_WARN_NON_LITERAL_NULL_CONVERSION = YES;
				CLANG_WARN_OBJC_IMPLICIT_RETAIN_SELF = YES;
				CLANG_WARN_OBJC_LITERAL_CONVERSION = YES;
				CLANG_WARN_OBJC_ROOT_CLASS = YES_ERROR;
				CLANG_WARN_QUOTED_INCLUDE_IN_FRAMEWORK_HEADER = YES;
				CLANG_WARN_RANGE_LOOP_ANALYSIS = YES;
				CLANG_WARN_STRICT_PROTOTYPES = YES;
				CLANG_WARN_SUSPICIOUS_MOVE = YES;
				CLANG_WARN_UNGUARDED_AVAILABILITY = YES_AGGRESSIVE;
				CLANG_WARN_UNREACHABLE_CODE = YES;
				CLANG_WARN__DUPLICATE_METHOD_MATCH = YES;
				COPY_PHASE_STRIP = NO;
				DEBUG_INFORMATION_FORMAT = dwarf;
				ENABLE_STRICT_OBJC_MSGSEND = YES;
				ENABLE_TESTABILITY = YES;
				GCC_C_LANGUAGE_STANDARD = gnu11;
				GCC_DYNAMIC_NO_PIC = NO;
				GCC_NO_COMMON_BLOCKS = YES;
				GCC_OPTIMIZATION_LEVEL = 0;
				GCC_PREPROCESSOR_DEFINITIONS = (
					"$(inherited)",
					"DEBUG=1",
				);
				GCC_WARN_64_TO_32_BIT_CONVERSION = YES;
				GCC_WARN_ABOUT_RETURN_TYPE = YES_ERROR;
				GCC_WARN_UNDECLARED_SELECTOR = YES;
				GCC_WARN_UNINITIALIZED_AUTOS = YES_AGGRESSIVE;
				GCC_WARN_UNUSED_FUNCTION = YES;
				GCC_WARN_UNUSED_VARIABLE = YES;
				IPHONEOS_DEPLOYMENT_TARGET = 26.0;
				MACOSX_DEPLOYMENT_TARGET = 26.0;
				MTL_ENABLE_DEBUG_INFO = INCLUDE_SOURCE;
				MTL_FAST_MATH = YES;
				ONLY_ACTIVE_ARCH = YES;
				PRODUCT_NAME = "$(TARGET_NAME)";
				SWIFT_ACTIVE_COMPILATION_CONDITIONS = DEBUG;
				SWIFT_OPTIMIZATION_LEVEL = "-Onone";
				SWIFT_VERSION = 6.0;
			};
			name = Debug;
		};
		968A7CAF5AFB328CE91314F1 /* Release */ = {
			isa = XCBuildConfiguration;
			buildSettings = {
				ASSETCATALOG_COMPILER_APPICON_NAME = AppIcon;
				CODE_SIGN_ENTITLEMENTS = "Resources/StoryJuicer-iOS.entitlements";
				CODE_SIGN_IDENTITY = "iPhone Developer";
				CURRENT_PROJECT_VERSION = 1;
				GENERATE_INFOPLIST_FILE = YES;
				INFOPLIST_GENERATION_MODE = GeneratedFile;
				INFOPLIST_KEY_CFBundleURLTypes = "<array><dict> <key>CFBundleURLName</key><string>com.jakerains.StoryJuicer.oauth</string> <key>CFBundleURLSchemes</key><array><string>storyjuicer</string></array> </dict></array>";
				INFOPLIST_KEY_UILaunchScreen_Generation = YES;
				INFOPLIST_KEY_UISupportedInterfaceOrientations_iPad = "UIInterfaceOrientationPortrait UIInterfaceOrientationPortraitUpsideDown UIInterfaceOrientationLandscapeLeft UIInterfaceOrientationLandscapeRight";
				INFOPLIST_KEY_UISupportedInterfaceOrientations_iPhone = "UIInterfaceOrientationPortrait UIInterfaceOrientationLandscapeLeft UIInterfaceOrientationLandscapeRight";
				LD_RUNPATH_SEARCH_PATHS = (
					"$(inherited)",
					"@executable_path/Frameworks",
				);
				MARKETING_VERSION = 1.0;
				PRODUCT_BUNDLE_IDENTIFIER = com.jakerains.StoryJuicer;
				PRODUCT_NAME = StoryJuicer;
				SDKROOT = iphoneos;
				SWIFT_STRICT_CONCURRENCY = complete;
				TARGETED_DEVICE_FAMILY = "1,2";
			};
			name = Release;
		};
		BFE7E6AEBA5F700DC360AD10 /* Debug */ = {
			isa = XCBuildConfiguration;
			buildSettings = {
				ASSETCATALOG_COMPILER_APPICON_NAME = AppIcon;
				CODE_SIGN_ENTITLEMENTS = Resources/StoryJuicer.entitlements;
				COMBINE_HIDPI_IMAGES = YES;
				CURRENT_PROJECT_VERSION = 2;
				GENERATE_INFOPLIST_FILE = YES;
				INFOPLIST_GENERATION_MODE = GeneratedFile;
				INFOPLIST_KEY_CFBundleURLTypes = "<array><dict> <key>CFBundleURLName</key><string>com.jakerains.StoryJuicer.oauth</string> <key>CFBundleURLSchemes</key><array><string>storyjuicer</string></array> </dict></array>";
				LD_RUNPATH_SEARCH_PATHS = (
					"$(inherited)",
					"@executable_path/../Frameworks",
				);
				MARKETING_VERSION = 1.0.1;
				PRODUCT_BUNDLE_IDENTIFIER = com.jakerains.StoryJuicer;
				PRODUCT_NAME = StoryJuicer;
				SDKROOT = macosx;
				SWIFT_STRICT_CONCURRENCY = complete;
			};
			name = Debug;
		};
		C2153C0F48E5DC30D3C23988 /* Release */ = {
			isa = XCBuildConfiguration;
			buildSettings = {
				ASSETCATALOG_COMPILER_APPICON_NAME = AppIcon;
				CODE_SIGN_ENTITLEMENTS = Resources/StoryJuicer.entitlements;
				COMBINE_HIDPI_IMAGES = YES;
				CURRENT_PROJECT_VERSION = 2;
				GENERATE_INFOPLIST_FILE = YES;
				INFOPLIST_GENERATION_MODE = GeneratedFile;
				INFOPLIST_KEY_CFBundleURLTypes = "<array><dict> <key>CFBundleURLName</key><string>com.jakerains.StoryJuicer.oauth</string> <key>CFBundleURLSchemes</key><array><string>storyjuicer</string></array> </dict></array>";
				LD_RUNPATH_SEARCH_PATHS = (
					"$(inherited)",
					"@executable_path/../Frameworks",
				);
				MARKETING_VERSION = 1.0.1;
				PRODUCT_BUNDLE_IDENTIFIER = com.jakerains.StoryJuicer;
				PRODUCT_NAME = StoryJuicer;
				SDKROOT = macosx;
				SWIFT_STRICT_CONCURRENCY = complete;
			};
			name = Release;
		};
		E2240D0597298E81101B22D1 /* Release */ = {
			isa = XCBuildConfiguration;
			buildSettings = {
				ALWAYS_SEARCH_USER_PATHS = NO;
				CLANG_ANALYZER_NONNULL = YES;
				CLANG_ANALYZER_NUMBER_OBJECT_CONVERSION = YES_AGGRESSIVE;
				CLANG_CXX_LANGUAGE_STANDARD = "gnu++14";
				CLANG_CXX_LIBRARY = "libc++";
				CLANG_ENABLE_MODULES = YES;
				CLANG_ENABLE_OBJC_ARC = YES;
				CLANG_ENABLE_OBJC_WEAK = YES;
				CLANG_WARN_BLOCK_CAPTURE_AUTORELEASING = YES;
				CLANG_WARN_BOOL_CONVERSION = YES;
				CLANG_WARN_COMMA = YES;
				CLANG_WARN_CONSTANT_CONVERSION = YES;
				CLANG_WARN_DEPRECATED_OBJC_IMPLEMENTATIONS = YES;
				CLANG_WARN_DIRECT_OBJC_ISA_USAGE = YES_ERROR;
				CLANG_WARN_DOCUMENTATION_COMMENTS = YES;
				CLANG_WARN_EMPTY_BODY = YES;
				CLANG_WARN_ENUM_CONVERSION = YES;
				CLANG_WARN_INFINITE_RECURSION = YES;
				CLANG_WARN_INT_CONVERSION = YES;
				CLANG_WARN_NON_LITERAL_NULL_CONVERSION = YES;
				CLANG_WARN_OBJC_IMPLICIT_RETAIN_SELF = YES;
				CLANG_WARN_OBJC_LITERAL_CONVERSION = YES;
				CLANG_WARN_OBJC_ROOT_CLASS = YES_ERROR;
				CLANG_WARN_QUOTED_INCLUDE_IN_FRAMEWORK_HEADER = YES;
				CLANG_WARN_RANGE_LOOP_ANALYSIS = YES;
				CLANG_WARN_STRICT_PROTOTYPES = YES;
				CLANG_WARN_SUSPICIOUS_MOVE = YES;
				CLANG_WARN_UNGUARDED_AVAILABILITY = YES_AGGRESSIVE;
				CLANG_WARN_UNREACHABLE_CODE = YES;
				CLANG_WARN__DUPLICATE_METHOD_MATCH = YES;
				COPY_PHASE_STRIP = NO;
				DEBUG_INFORMATION_FORMAT = "dwarf-with-dsym";
				ENABLE_NS_ASSERTIONS = NO;
				ENABLE_STRICT_OBJC_MSGSEND = YES;
				GCC_C_LANGUAGE_STANDARD = gnu11;
				GCC_NO_COMMON_BLOCKS = YES;
				GCC_WARN_64_TO_32_BIT_CONVERSION = YES;
				GCC_WARN_ABOUT_RETURN_TYPE = YES_ERROR;
				GCC_WARN_UNDECLARED_SELECTOR = YES;
				GCC_WARN_UNINITIALIZED_AUTOS = YES_AGGRESSIVE;
				GCC_WARN_UNUSED_FUNCTION = YES;
				GCC_WARN_UNUSED_VARIABLE = YES;
				IPHONEOS_DEPLOYMENT_TARGET = 26.0;
				MACOSX_DEPLOYMENT_TARGET = 26.0;
				MTL_ENABLE_DEBUG_INFO = NO;
				MTL_FAST_MATH = YES;
				PRODUCT_NAME = "$(TARGET_NAME)";
				SWIFT_COMPILATION_MODE = wholemodule;
				SWIFT_OPTIMIZATION_LEVEL = "-O";
				SWIFT_VERSION = 6.0;
			};
			name = Release;
		};
/* End XCBuildConfiguration section */

/* Begin XCConfigurationList section */
		0D68269FBB4CC7D6DBF6824C /* Build configuration list for PBXNativeTarget "StoryJuicer" */ = {
			isa = XCConfigurationList;
			buildConfigurations = (
				BFE7E6AEBA5F700DC360AD10 /* Debug */,
				C2153C0F48E5DC30D3C23988 /* Release */,
			);
			defaultConfigurationIsVisible = 0;
			defaultConfigurationName = Debug;
		};
		D78F79B97D9258827748D5DB /* Build configuration list for PBXNativeTarget "StoryJuicer-iOS" */ = {
			isa = XCConfigurationList;
			buildConfigurations = (
				470D5BAB404B1565D3DD078C /* Debug */,
				968A7CAF5AFB328CE91314F1 /* Release */,
			);
			defaultConfigurationIsVisible = 0;
			defaultConfigurationName = Debug;
		};
		E6B96B163395F8A0DFE00968 /* Build configuration list for PBXProject "StoryJuicer" */ = {
			isa = XCConfigurationList;
			buildConfigurations = (
				56D83278C3A8AA4971FCDCD3 /* Debug */,
				E2240D0597298E81101B22D1 /* Release */,
			);
			defaultConfigurationIsVisible = 0;
			defaultConfigurationName = Debug;
		};
/* End XCConfigurationList section */

/* Begin XCRemoteSwiftPackageReference section */
		328A37549FD39E2D5EA2C9E9 /* XCRemoteSwiftPackageReference "mlx-swift-lm" */ = {
			isa = XCRemoteSwiftPackageReference;
			repositoryURL = "https://github.com/ml-explore/mlx-swift-lm";
			requirement = {
				kind = exactVersion;
				version = 2.30.3;
			};
		};
		87DE56C7D35DA27540F687F7 /* XCRemoteSwiftPackageReference "mlx-swift" */ = {
			isa = XCRemoteSwiftPackageReference;
			repositoryURL = "https://github.com/ml-explore/mlx-swift";
			requirement = {
				kind = exactVersion;
				version = 0.30.6;
			};
		};
		B1B58F58C898675079F8A17A /* XCRemoteSwiftPackageReference "swift-huggingface" */ = {
			isa = XCRemoteSwiftPackageReference;
			repositoryURL = "https://github.com/huggingface/swift-huggingface";
			requirement = {
				kind = upToNextMajorVersion;
				minimumVersion = 0.5.0;
			};
		};
		D9958986D14C2C8422FC9463 /* XCRemoteSwiftPackageReference "Sparkle" */ = {
			isa = XCRemoteSwiftPackageReference;
			repositoryURL = "https://github.com/sparkle-project/Sparkle";
			requirement = {
				kind = upToNextMajorVersion;
				minimumVersion = 2.8.1;
			};
		};
		E25C18034DE18BFFACFBA8E1 /* XCRemoteSwiftPackageReference "swift-transformers" */ = {
			isa = XCRemoteSwiftPackageReference;
			repositoryURL = "https://github.com/huggingface/swift-transformers";
			requirement = {
				kind = exactVersion;
				version = 1.1.6;
			};
		};
/* End XCRemoteSwiftPackageReference section */

/* Begin XCSwiftPackageProductDependency section */
		209F5F3FEA8C44CD485CA22E /* MLX */ = {
			isa = XCSwiftPackageProductDependency;
			package = 87DE56C7D35DA27540F687F7 /* XCRemoteSwiftPackageReference "mlx-swift" */;
			productName = MLX;
		};
		31625B913AB44197A3366AED /* MLXLLM */ = {
			isa = XCSwiftPackageProductDependency;
			package = 328A37549FD39E2D5EA2C9E9 /* XCRemoteSwiftPackageReference "mlx-swift-lm" */;
			productName = MLXLLM;
		};
		4AF472F5FF1C4ACD74B9D20D /* Sparkle */ = {
			isa = XCSwiftPackageProductDependency;
			package = D9958986D14C2C8422FC9463 /* XCRemoteSwiftPackageReference "Sparkle" */;
			productName = Sparkle;
		};
		56BD1749AB4AA12FCD2D824A /* HuggingFace */ = {
			isa = XCSwiftPackageProductDependency;
			package = B1B58F58C898675079F8A17A /* XCRemoteSwiftPackageReference "swift-huggingface" */;
			productName = HuggingFace;
		};
		72ACF0DAF3844B98AD5475B1 /* Hub */ = {
			isa = XCSwiftPackageProductDependency;
			package = E25C18034DE18BFFACFBA8E1 /* XCRemoteSwiftPackageReference "swift-transformers" */;
			productName = Hub;
		};
		A4627FF17A7A78A43A632800 /* MLXLMCommon */ = {
			isa = XCSwiftPackageProductDependency;
			package = 328A37549FD39E2D5EA2C9E9 /* XCRemoteSwiftPackageReference "mlx-swift-lm" */;
			productName = MLXLMCommon;
		};
		AFC046BB7D2D17CCE55CD262 /* MLXLLM */ = {
			isa = XCSwiftPackageProductDependency;
			package = 328A37549FD39E2D5EA2C9E9 /* XCRemoteSwiftPackageReference "mlx-swift-lm" */;
			productName = MLXLLM;
		};
		C52BB850C95829BC1F9593FF /* Hub */ = {
			isa = XCSwiftPackageProductDependency;
			package = E25C18034DE18BFFACFBA8E1 /* XCRemoteSwiftPackageReference "swift-transformers" */;
			productName = Hub;
		};
		C85C7AE35DE49A94DAEE7578 /* MLX */ = {
			isa = XCSwiftPackageProductDependency;
			package = 87DE56C7D35DA27540F687F7 /* XCRemoteSwiftPackageReference "mlx-swift" */;
			productName = MLX;
		};
		E92E4631F6854743E6BFB04B /* HuggingFace */ = {
			isa = XCSwiftPackageProductDependency;
			package = B1B58F58C898675079F8A17A /* XCRemoteSwiftPackageReference "swift-huggingface" */;
			productName = HuggingFace;
		};
		F0DCB1E8966E3860BD8193EC /* MLXLMCommon */ = {
			isa = XCSwiftPackageProductDependency;
			package = 328A37549FD39E2D5EA2C9E9 /* XCRemoteSwiftPackageReference "mlx-swift-lm" */;
			productName = MLXLMCommon;
		};
/* End XCSwiftPackageProductDependency section */
	};
	rootObject = E8DDE17B1920D0E604579629 /* Project object */;
}
